// !$*UTF8*$!
{
	archiveVersion = 1;
	classes = {
	};
	objectVersion = 77;
	objects = {

/* Begin PBXBuildFile section */
		025853BF893577C760477C99 /* AudioRecorderService.swift in Sources */ = {isa = PBXBuildFile; fileRef = 140ABFEC4B5E9E54451BC572 /* AudioRecorderService.swift */; };
		03D4448D491EB175F6DBAE7B /* SmokeTests.swift in Sources */ = {isa = PBXBuildFile; fileRef = 0C4DA36840A172AFCCFB97B7 /* SmokeTests.swift */; };
		3FA1C658FC750B1A3C4B53B4 /* FileTranscriptStoreTests.swift in Sources */ = {isa = PBXBuildFile; fileRef = 8E8289CCE9E94E2963BAEE1F /* FileTranscriptStoreTests.swift */; };
		4059F80230CA4D1E926537CC /* RecordingButton.swift in Sources */ = {isa = PBXBuildFile; fileRef = BB0D80CF21D1F7AF2BC4D8F8 /* RecordingButton.swift */; };
		42585D09432D62E93E29C746 /* PrivacyNoteView.swift in Sources */ = {isa = PBXBuildFile; fileRef = B41215445F5A53ED364FA474 /* PrivacyNoteView.swift */; };
		583FDB99F9C4EACD87D0C2D6 /* ClipboardService.swift in Sources */ = {isa = PBXBuildFile; fileRef = 03D60CA5C4068DC7B785F137 /* ClipboardService.swift */; };
		5AF38B58A06B15D0A6B83C4E /* ModelStatusView.swift in Sources */ = {isa = PBXBuildFile; fileRef = 08D45F73CC026F7532352E94 /* ModelStatusView.swift */; };
		5C297CAECF8C87B20AE6D87E /* LocalDictateApp.swift in Sources */ = {isa = PBXBuildFile; fileRef = 4714AEAAD189B89EE59D8F0F /* LocalDictateApp.swift */; };
		6D90C0380580FB2705D15FD3 /* ContentView.swift in Sources */ = {isa = PBXBuildFile; fileRef = 542C32418CADFA8188C3CA80 /* ContentView.swift */; };
		74D0B185E8966D0961750C63 /* TranscriptionService.swift in Sources */ = {isa = PBXBuildFile; fileRef = 93FEC38C157FD0ED3488D751 /* TranscriptionService.swift */; };
		7F77362EFD0D82B2C0E2B830 /* RecordingFeedbackView.swift in Sources */ = {isa = PBXBuildFile; fileRef = 09C68E4BF4642F244E8A44CC /* RecordingFeedbackView.swift */; };
		84EE8C49F3719213C9892AF7 /* TranscriptEditorView.swift in Sources */ = {isa = PBXBuildFile; fileRef = 4BC8611AE9D0F2C6025AD1AA /* TranscriptEditorView.swift */; };
		A1456280D3D3738FE2F8DCFB /* TestDoubles.swift in Sources */ = {isa = PBXBuildFile; fileRef = 20F44A94450B859FC915339A /* TestDoubles.swift */; };
		B20C9768CAA5CFBBE5E354A9 /* ModelManager.swift in Sources */ = {isa = PBXBuildFile; fileRef = AC0D292F4B7C89D8CF51A2B7 /* ModelManager.swift */; };
		BB55A6322988C507E1ADEF05 /* MicrophonePermissionManager.swift in Sources */ = {isa = PBXBuildFile; fileRef = 37E263B7B594EA1F93C0A305 /* MicrophonePermissionManager.swift */; };
		C5C051021886AD5400BD36CA /* DictationViewModelDependencyInjectionTests.swift in Sources */ = {isa = PBXBuildFile; fileRef = CF1EAAD8C6EBDD4E6E5F8A46 /* DictationViewModelDependencyInjectionTests.swift */; };
		C92798B238F5225990239786 /* StatusBadgeView.swift in Sources */ = {isa = PBXBuildFile; fileRef = CE5F204E4C9AE66208E3D8EA /* StatusBadgeView.swift */; };
		CE419DA6FD2774595C3C1FE1 /* DictationViewModel.swift in Sources */ = {isa = PBXBuildFile; fileRef = FED3C5EE86577C2050A95313 /* DictationViewModel.swift */; };
		D232A8FFA582D9C53FF1E9AE /* DictationViewModelPresentationTests.swift in Sources */ = {isa = PBXBuildFile; fileRef = AFBD4941A270A23DB2E8304D /* DictationViewModelPresentationTests.swift */; };
		E146011F210292C05D42E4C5 /* TranscribingFeedbackView.swift in Sources */ = {isa = PBXBuildFile; fileRef = 06BB826B0E54121CEED448CF /* TranscribingFeedbackView.swift */; };
		E87B230A592DA2792F81D49F /* TranscriptStore.swift in Sources */ = {isa = PBXBuildFile; fileRef = CAEDDFA31837DDA301287C02 /* TranscriptStore.swift */; };
		F02797E8E86EA0409A46DD07 /* WhisperKit in Frameworks */ = {isa = PBXBuildFile; productRef = 4B0AA3A3DD168D5E181A378D /* WhisperKit */; };
/* End PBXBuildFile section */

/* Begin PBXContainerItemProxy section */
		4282B2B66A55D07BC81846BA /* PBXContainerItemProxy */ = {
			isa = PBXContainerItemProxy;
			containerPortal = 40978AF18E40C81F2FD8959C /* Project object */;
			proxyType = 1;
			remoteGlobalIDString = 7B9218E2CE8ADFC807D28924;
			remoteInfo = LocalDictate;
		};
/* End PBXContainerItemProxy section */

/* Begin PBXFileReference section */
		03D60CA5C4068DC7B785F137 /* ClipboardService.swift */ = {isa = PBXFileReference; lastKnownFileType = sourcecode.swift; path = ClipboardService.swift; sourceTree = "<group>"; };
		06BB826B0E54121CEED448CF /* TranscribingFeedbackView.swift */ = {isa = PBXFileReference; lastKnownFileType = sourcecode.swift; path = TranscribingFeedbackView.swift; sourceTree = "<group>"; };
		08D45F73CC026F7532352E94 /* ModelStatusView.swift */ = {isa = PBXFileReference; lastKnownFileType = sourcecode.swift; path = ModelStatusView.swift; sourceTree = "<group>"; };
		09C68E4BF4642F244E8A44CC /* RecordingFeedbackView.swift */ = {isa = PBXFileReference; lastKnownFileType = sourcecode.swift; path = RecordingFeedbackView.swift; sourceTree = "<group>"; };
		0C4DA36840A172AFCCFB97B7 /* SmokeTests.swift */ = {isa = PBXFileReference; lastKnownFileType = sourcecode.swift; path = SmokeTests.swift; sourceTree = "<group>"; };
		140ABFEC4B5E9E54451BC572 /* AudioRecorderService.swift */ = {isa = PBXFileReference; lastKnownFileType = sourcecode.swift; path = AudioRecorderService.swift; sourceTree = "<group>"; };
		1F2E2B9A53E3BA95998B855C /* LocalDictateTests.xctest */ = {isa = PBXFileReference; explicitFileType = wrapper.cfbundle; includeInIndex = 0; path = LocalDictateTests.xctest; sourceTree = BUILT_PRODUCTS_DIR; };
		20F44A94450B859FC915339A /* TestDoubles.swift */ = {isa = PBXFileReference; lastKnownFileType = sourcecode.swift; path = TestDoubles.swift; sourceTree = "<group>"; };
		37E263B7B594EA1F93C0A305 /* MicrophonePermissionManager.swift */ = {isa = PBXFileReference; lastKnownFileType = sourcecode.swift; path = MicrophonePermissionManager.swift; sourceTree = "<group>"; };
		4714AEAAD189B89EE59D8F0F /* LocalDictateApp.swift */ = {isa = PBXFileReference; lastKnownFileType = sourcecode.swift; path = LocalDictateApp.swift; sourceTree = "<group>"; };
		4BC8611AE9D0F2C6025AD1AA /* TranscriptEditorView.swift */ = {isa = PBXFileReference; lastKnownFileType = sourcecode.swift; path = TranscriptEditorView.swift; sourceTree = "<group>"; };
		542C32418CADFA8188C3CA80 /* ContentView.swift */ = {isa = PBXFileReference; lastKnownFileType = sourcecode.swift; path = ContentView.swift; sourceTree = "<group>"; };
		8E8289CCE9E94E2963BAEE1F /* FileTranscriptStoreTests.swift */ = {isa = PBXFileReference; lastKnownFileType = sourcecode.swift; path = FileTranscriptStoreTests.swift; sourceTree = "<group>"; };
		93FEC38C157FD0ED3488D751 /* TranscriptionService.swift */ = {isa = PBXFileReference; lastKnownFileType = sourcecode.swift; path = TranscriptionService.swift; sourceTree = "<group>"; };
		AC0D292F4B7C89D8CF51A2B7 /* ModelManager.swift */ = {isa = PBXFileReference; lastKnownFileType = sourcecode.swift; path = ModelManager.swift; sourceTree = "<group>"; };
		AFBD4941A270A23DB2E8304D /* DictationViewModelPresentationTests.swift */ = {isa = PBXFileReference; lastKnownFileType = sourcecode.swift; path = DictationViewModelPresentationTests.swift; sourceTree = "<group>"; };
		B41215445F5A53ED364FA474 /* PrivacyNoteView.swift */ = {isa = PBXFileReference; lastKnownFileType = sourcecode.swift; path = PrivacyNoteView.swift; sourceTree = "<group>"; };
		BB0D80CF21D1F7AF2BC4D8F8 /* RecordingButton.swift */ = {isa = PBXFileReference; lastKnownFileType = sourcecode.swift; path = RecordingButton.swift; sourceTree = "<group>"; };
		C3478B2823CB669F4F1B541C /* LocalDictate.entitlements */ = {isa = PBXFileReference; lastKnownFileType = text.plist.entitlements; path = LocalDictate.entitlements; sourceTree = "<group>"; };
		CAEDDFA31837DDA301287C02 /* TranscriptStore.swift */ = {isa = PBXFileReference; lastKnownFileType = sourcecode.swift; path = TranscriptStore.swift; sourceTree = "<group>"; };
		CE5F204E4C9AE66208E3D8EA /* StatusBadgeView.swift */ = {isa = PBXFileReference; lastKnownFileType = sourcecode.swift; path = StatusBadgeView.swift; sourceTree = "<group>"; };
		CF1EAAD8C6EBDD4E6E5F8A46 /* DictationViewModelDependencyInjectionTests.swift */ = {isa = PBXFileReference; lastKnownFileType = sourcecode.swift; path = DictationViewModelDependencyInjectionTests.swift; sourceTree = "<group>"; };
		E10BFA4ECD12238B6FB8BBD4 /* LocalDictate.app */ = {isa = PBXFileReference; explicitFileType = wrapper.application; includeInIndex = 0; path = LocalDictate.app; sourceTree = BUILT_PRODUCTS_DIR; };
		FED3C5EE86577C2050A95313 /* DictationViewModel.swift */ = {isa = PBXFileReference; lastKnownFileType = sourcecode.swift; path = DictationViewModel.swift; sourceTree = "<group>"; };
/* End PBXFileReference section */

/* Begin PBXFrameworksBuildPhase section */
		3D6A4E1DC48FBE3DD4C85F26 /* Frameworks */ = {
			isa = PBXFrameworksBuildPhase;
			buildActionMask = 2147483647;
			files = (
				F02797E8E86EA0409A46DD07 /* WhisperKit in Frameworks */,
			);
			runOnlyForDeploymentPostprocessing = 0;
		};
/* End PBXFrameworksBuildPhase section */

/* Begin PBXGroup section */
		1DABB3A51E2A705EFB54E861 /* LocalDictateTests */ = {
			isa = PBXGroup;
			children = (
				CF1EAAD8C6EBDD4E6E5F8A46 /* DictationViewModelDependencyInjectionTests.swift */,
				AFBD4941A270A23DB2E8304D /* DictationViewModelPresentationTests.swift */,
				8E8289CCE9E94E2963BAEE1F /* FileTranscriptStoreTests.swift */,
				0C4DA36840A172AFCCFB97B7 /* SmokeTests.swift */,
				20F44A94450B859FC915339A /* TestDoubles.swift */,
			);
			path = LocalDictateTests;
			sourceTree = "<group>";
		};
		94BFC67B70740067E06839AF = {
			isa = PBXGroup;
			children = (
				ABE6F67A5B9C2D2D477140BD /* LocalDictate */,
				1DABB3A51E2A705EFB54E861 /* LocalDictateTests */,
				E1EB9DBEE9819BA49DE8639C /* Products */,
			);
			sourceTree = "<group>";
		};
		ABE6F67A5B9C2D2D477140BD /* LocalDictate */ = {
			isa = PBXGroup;
			children = (
				140ABFEC4B5E9E54451BC572 /* AudioRecorderService.swift */,
				03D60CA5C4068DC7B785F137 /* ClipboardService.swift */,
				542C32418CADFA8188C3CA80 /* ContentView.swift */,
				FED3C5EE86577C2050A95313 /* DictationViewModel.swift */,
				C3478B2823CB669F4F1B541C /* LocalDictate.entitlements */,
				4714AEAAD189B89EE59D8F0F /* LocalDictateApp.swift */,
				37E263B7B594EA1F93C0A305 /* MicrophonePermissionManager.swift */,
				AC0D292F4B7C89D8CF51A2B7 /* ModelManager.swift */,
				08D45F73CC026F7532352E94 /* ModelStatusView.swift */,
				B41215445F5A53ED364FA474 /* PrivacyNoteView.swift */,
				BB0D80CF21D1F7AF2BC4D8F8 /* RecordingButton.swift */,
				09C68E4BF4642F244E8A44CC /* RecordingFeedbackView.swift */,
				CE5F204E4C9AE66208E3D8EA /* StatusBadgeView.swift */,
				06BB826B0E54121CEED448CF /* TranscribingFeedbackView.swift */,
				4BC8611AE9D0F2C6025AD1AA /* TranscriptEditorView.swift */,
				93FEC38C157FD0ED3488D751 /* TranscriptionService.swift */,
				CAEDDFA31837DDA301287C02 /* TranscriptStore.swift */,
			);
			path = LocalDictate;
			sourceTree = "<group>";
		};
		E1EB9DBEE9819BA49DE8639C /* Products */ = {
			isa = PBXGroup;
			children = (
				E10BFA4ECD12238B6FB8BBD4 /* LocalDictate.app */,
				1F2E2B9A53E3BA95998B855C /* LocalDictateTests.xctest */,
			);
			name = Products;
			sourceTree = "<group>";
		};
/* End PBXGroup section */

/* Begin PBXNativeTarget section */
		29F52A77D3626092FBCF31F3 /* LocalDictateTests */ = {
			isa = PBXNativeTarget;
			buildConfigurationList = D4F558D7C66A2DEA1DE9CEA7 /* Build configuration list for PBXNativeTarget "LocalDictateTests" */;
			buildPhases = (
				8CE6C7C4CF73DD8066E4882B /* Sources */,
			);
			buildRules = (
			);
			dependencies = (
				DF10C3BE71F2C2084E3A1CD1 /* PBXTargetDependency */,
			);
			name = LocalDictateTests;
			packageProductDependencies = (
			);
			productName = LocalDictateTests;
			productReference = 1F2E2B9A53E3BA95998B855C /* LocalDictateTests.xctest */;
			productType = "com.apple.product-type.bundle.unit-test";
		};
		7B9218E2CE8ADFC807D28924 /* LocalDictate */ = {
			isa = PBXNativeTarget;
			buildConfigurationList = C4728A364C4D5D8D801118F9 /* Build configuration list for PBXNativeTarget "LocalDictate" */;
			buildPhases = (
				D69B6ACA0C9E5B04C79B2DD8 /* Sources */,
				3D6A4E1DC48FBE3DD4C85F26 /* Frameworks */,
			);
			buildRules = (
			);
			dependencies = (
			);
			name = LocalDictate;
			packageProductDependencies = (
				4B0AA3A3DD168D5E181A378D /* WhisperKit */,
			);
			productName = LocalDictate;
			productReference = E10BFA4ECD12238B6FB8BBD4 /* LocalDictate.app */;
			productType = "com.apple.product-type.application";
		};
/* End PBXNativeTarget section */

/* Begin PBXProject section */
		40978AF18E40C81F2FD8959C /* Project object */ = {
			isa = PBXProject;
			attributes = {
				BuildIndependentTargetsInParallel = YES;
				LastUpgradeCheck = 1430;
				TargetAttributes = {
					29F52A77D3626092FBCF31F3 = {
						DevelopmentTeam = 2LCM5MU5MF;
						ProvisioningStyle = Automatic;
					};
					7B9218E2CE8ADFC807D28924 = {
						DevelopmentTeam = 2LCM5MU5MF;
						ProvisioningStyle = Automatic;
					};
				};
			};
			buildConfigurationList = 4666B1ECD36196AD70353644 /* Build configuration list for PBXProject "LocalDictate" */;
			developmentRegion = en;
			hasScannedForEncodings = 0;
			knownRegions = (
				Base,
				en,
			);
			mainGroup = 94BFC67B70740067E06839AF;
			minimizedProjectReferenceProxies = 1;
			packageReferences = (
				95B49E16D7F80EFEA3F4AEEA /* XCRemoteSwiftPackageReference "argmax-oss-swift" */,
			);
			preferredProjectObjectVersion = 77;
			productRefGroup = E1EB9DBEE9819BA49DE8639C /* Products */;
			projectDirPath = "";
			projectRoot = "";
			targets = (
				7B9218E2CE8ADFC807D28924 /* LocalDictate */,
				29F52A77D3626092FBCF31F3 /* LocalDictateTests */,
			);
		};
/* End PBXProject section */

/* Begin PBXSourcesBuildPhase section */
		8CE6C7C4CF73DD8066E4882B /* Sources */ = {
			isa = PBXSourcesBuildPhase;
			buildActionMask = 2147483647;
			files = (
				C5C051021886AD5400BD36CA /* DictationViewModelDependencyInjectionTests.swift in Sources */,
				D232A8FFA582D9C53FF1E9AE /* DictationViewModelPresentationTests.swift in Sources */,
				3FA1C658FC750B1A3C4B53B4 /* FileTranscriptStoreTests.swift in Sources */,
				03D4448D491EB175F6DBAE7B /* SmokeTests.swift in Sources */,
				A1456280D3D3738FE2F8DCFB /* TestDoubles.swift in Sources */,
			);
			runOnlyForDeploymentPostprocessing = 0;
		};
		D69B6ACA0C9E5B04C79B2DD8 /* Sources */ = {
			isa = PBXSourcesBuildPhase;
			buildActionMask = 2147483647;
			files = (
				025853BF893577C760477C99 /* AudioRecorderService.swift in Sources */,
				583FDB99F9C4EACD87D0C2D6 /* ClipboardService.swift in Sources */,
				6D90C0380580FB2705D15FD3 /* ContentView.swift in Sources */,
				CE419DA6FD2774595C3C1FE1 /* DictationViewModel.swift in Sources */,
				5C297CAECF8C87B20AE6D87E /* LocalDictateApp.swift in Sources */,
				BB55A6322988C507E1ADEF05 /* MicrophonePermissionManager.swift in Sources */,
				B20C9768CAA5CFBBE5E354A9 /* ModelManager.swift in Sources */,
				5AF38B58A06B15D0A6B83C4E /* ModelStatusView.swift in Sources */,
				42585D09432D62E93E29C746 /* PrivacyNoteView.swift in Sources */,
				4059F80230CA4D1E926537CC /* RecordingButton.swift in Sources */,
				7F77362EFD0D82B2C0E2B830 /* RecordingFeedbackView.swift in Sources */,
				C92798B238F5225990239786 /* StatusBadgeView.swift in Sources */,
				E146011F210292C05D42E4C5 /* TranscribingFeedbackView.swift in Sources */,
				84EE8C49F3719213C9892AF7 /* TranscriptEditorView.swift in Sources */,
				E87B230A592DA2792F81D49F /* TranscriptStore.swift in Sources */,
				74D0B185E8966D0961750C63 /* TranscriptionService.swift in Sources */,
			);
			runOnlyForDeploymentPostprocessing = 0;
		};
/* End PBXSourcesBuildPhase section */

/* Begin PBXTargetDependency section */
		DF10C3BE71F2C2084E3A1CD1 /* PBXTargetDependency */ = {
			isa = PBXTargetDependency;
			target = 7B9218E2CE8ADFC807D28924 /* LocalDictate */;
			targetProxy = 4282B2B66A55D07BC81846BA /* PBXContainerItemProxy */;
		};
/* End PBXTargetDependency section */

/* Begin XCBuildConfiguration section */
		421B30415035EFD7794C696C /* Debug */ = {
			isa = XCBuildConfiguration;
			buildSettings = {
				ASSETCATALOG_COMPILER_APPICON_NAME = "";
				CODE_SIGN_ENTITLEMENTS = LocalDictate/LocalDictate.entitlements;
				CODE_SIGN_STYLE = Automatic;
				COMBINE_HIDPI_IMAGES = YES;
				CURRENT_PROJECT_VERSION = 1;
				DEVELOPMENT_TEAM = 2LCM5MU5MF;
				ENABLE_HARDENED_RUNTIME = YES;
				GENERATE_INFOPLIST_FILE = YES;
				INFOPLIST_KEY_CFBundleDisplayName = LocalDictate;
				INFOPLIST_KEY_LSApplicationCategoryType = "public.app-category.utilities";
				INFOPLIST_KEY_NSHumanReadableCopyright = "";
				INFOPLIST_KEY_NSMicrophoneUsageDescription = "LocalDictate necesita acceso al micrófono para grabar tu voz y transcribirla localmente en esta Mac.";
				LD_RUNPATH_SEARCH_PATHS = (
					"$(inherited)",
					"@executable_path/../Frameworks",
				);
				MACOSX_DEPLOYMENT_TARGET = 13.0;
				MARKETING_VERSION = 0.1;
				PRODUCT_BUNDLE_IDENTIFIER = com.localdictate.app;
				PRODUCT_NAME = LocalDictate;
				SDKROOT = macosx;
				SWIFT_VERSION = 5.0;
			};
			name = Debug;
		};
		571226F7B0AEF1081ABF0DC7 /* Release */ = {
			isa = XCBuildConfiguration;
			buildSettings = {
				ALWAYS_SEARCH_USER_PATHS = NO;
				CLANG_ANALYZER_NONNULL = YES;
				CLANG_ANALYZER_NUMBER_OBJECT_CONVERSION = YES_AGGRESSIVE;
				CLANG_CXX_LANGUAGE_STANDARD = "gnu++14";
				CLANG_CXX_LIBRARY = "libc++";
				CLANG_ENABLE_MODULES = YES;
				CLANG_ENABLE_OBJC_ARC = YES;
				CLANG_ENABLE_OBJC_WEAK = YES;
				CLANG_WARN_BLOCK_CAPTURE_AUTORELEASING = YES;
				CLANG_WARN_BOOL_CONVERSION = YES;
				CLANG_WARN_COMMA = YES;
				CLANG_WARN_CONSTANT_CONVERSION = YES;
				CLANG_WARN_DEPRECATED_OBJC_IMPLEMENTATIONS = YES;
				CLANG_WARN_DIRECT_OBJC_ISA_USAGE = YES_ERROR;
				CLANG_WARN_DOCUMENTATION_COMMENTS = YES;
				CLANG_WARN_EMPTY_BODY = YES;
				CLANG_WARN_ENUM_CONVERSION = YES;
				CLANG_WARN_INFINITE_RECURSION = YES;
				CLANG_WARN_INT_CONVERSION = YES;
				CLANG_WARN_NON_LITERAL_NULL_CONVERSION = YES;
				CLANG_WARN_OBJC_IMPLICIT_RETAIN_SELF = YES;
				CLANG_WARN_OBJC_LITERAL_CONVERSION = YES;
				CLANG_WARN_OBJC_ROOT_CLASS = YES_ERROR;
				CLANG_WARN_QUOTED_INCLUDE_IN_FRAMEWORK_HEADER = YES;
				CLANG_WARN_RANGE_LOOP_ANALYSIS = YES;
				CLANG_WARN_STRICT_PROTOTYPES = YES;
				CLANG_WARN_SUSPICIOUS_MOVE = YES;
				CLANG_WARN_UNGUARDED_AVAILABILITY = YES_AGGRESSIVE;
				CLANG_WARN_UNREACHABLE_CODE = YES;
				CLANG_WARN__DUPLICATE_METHOD_MATCH = YES;
				COPY_PHASE_STRIP = NO;
				DEBUG_INFORMATION_FORMAT = "dwarf-with-dsym";
				ENABLE_NS_ASSERTIONS = NO;
				ENABLE_STRICT_OBJC_MSGSEND = YES;
				GCC_C_LANGUAGE_STANDARD = gnu11;
				GCC_NO_COMMON_BLOCKS = YES;
				GCC_WARN_64_TO_32_BIT_CONVERSION = YES;
				GCC_WARN_ABOUT_RETURN_TYPE = YES_ERROR;
				GCC_WARN_UNDECLARED_SELECTOR = YES;
				GCC_WARN_UNINITIALIZED_AUTOS = YES_AGGRESSIVE;
				GCC_WARN_UNUSED_FUNCTION = YES;
				GCC_WARN_UNUSED_VARIABLE = YES;
				MACOSX_DEPLOYMENT_TARGET = 13.0;
				MTL_ENABLE_DEBUG_INFO = NO;
				MTL_FAST_MATH = YES;
				PRODUCT_NAME = "$(TARGET_NAME)";
				SDKROOT = macosx;
				SWIFT_COMPILATION_MODE = wholemodule;
				SWIFT_OPTIMIZATION_LEVEL = "-O";
				SWIFT_VERSION = 5.0;
			};
			name = Release;
		};
		5EEB13BFF0E27C506DCF59B6 /* Release */ = {
			isa = XCBuildConfiguration;
			buildSettings = {
				ASSETCATALOG_COMPILER_APPICON_NAME = "";
				CODE_SIGN_ENTITLEMENTS = LocalDictate/LocalDictate.entitlements;
				CODE_SIGN_STYLE = Automatic;
				COMBINE_HIDPI_IMAGES = YES;
				CURRENT_PROJECT_VERSION = 1;
				DEVELOPMENT_TEAM = 2LCM5MU5MF;
				ENABLE_HARDENED_RUNTIME = YES;
				GENERATE_INFOPLIST_FILE = YES;
				INFOPLIST_KEY_CFBundleDisplayName = LocalDictate;
				INFOPLIST_KEY_LSApplicationCategoryType = "public.app-category.utilities";
				INFOPLIST_KEY_NSHumanReadableCopyright = "";
				INFOPLIST_KEY_NSMicrophoneUsageDescription = "LocalDictate necesita acceso al micrófono para grabar tu voz y transcribirla localmente en esta Mac.";
				LD_RUNPATH_SEARCH_PATHS = (
					"$(inherited)",
					"@executable_path/../Frameworks",
				);
				MACOSX_DEPLOYMENT_TARGET = 13.0;
				MARKETING_VERSION = 0.1;
				PRODUCT_BUNDLE_IDENTIFIER = com.localdictate.app;
				PRODUCT_NAME = LocalDictate;
				SDKROOT = macosx;
				SWIFT_VERSION = 5.0;
			};
			name = Release;
		};
		9E1D2D9B0837F425D4DFC62D /* Debug */ = {
			isa = XCBuildConfiguration;
			buildSettings = {
				ALWAYS_SEARCH_USER_PATHS = NO;
				CLANG_ANALYZER_NONNULL = YES;
				CLANG_ANALYZER_NUMBER_OBJECT_CONVERSION = YES_AGGRESSIVE;
				CLANG_CXX_LANGUAGE_STANDARD = "gnu++14";
				CLANG_CXX_LIBRARY = "libc++";
				CLANG_ENABLE_MODULES = YES;
				CLANG_ENABLE_OBJC_ARC = YES;
				CLANG_ENABLE_OBJC_WEAK = YES;
				CLANG_WARN_BLOCK_CAPTURE_AUTORELEASING = YES;
				CLANG_WARN_BOOL_CONVERSION = YES;
				CLANG_WARN_COMMA = YES;
				CLANG_WARN_CONSTANT_CONVERSION = YES;
				CLANG_WARN_DEPRECATED_OBJC_IMPLEMENTATIONS = YES;
				CLANG_WARN_DIRECT_OBJC_ISA_USAGE = YES_ERROR;
				CLANG_WARN_DOCUMENTATION_COMMENTS = YES;
				CLANG_WARN_EMPTY_BODY = YES;
				CLANG_WARN_ENUM_CONVERSION = YES;
				CLANG_WARN_INFINITE_RECURSION = YES;
				CLANG_WARN_INT_CONVERSION = YES;
				CLANG_WARN_NON_LITERAL_NULL_CONVERSION = YES;
				CLANG_WARN_OBJC_IMPLICIT_RETAIN_SELF = YES;
				CLANG_WARN_OBJC_LITERAL_CONVERSION = YES;
				CLANG_WARN_OBJC_ROOT_CLASS = YES_ERROR;
				CLANG_WARN_QUOTED_INCLUDE_IN_FRAMEWORK_HEADER = YES;
				CLANG_WARN_RANGE_LOOP_ANALYSIS = YES;
				CLANG_WARN_STRICT_PROTOTYPES = YES;
				CLANG_WARN_SUSPICIOUS_MOVE = YES;
				CLANG_WARN_UNGUARDED_AVAILABILITY = YES_AGGRESSIVE;
				CLANG_WARN_UNREACHABLE_CODE = YES;
				CLANG_WARN__DUPLICATE_METHOD_MATCH = YES;
				COPY_PHASE_STRIP = NO;
				DEBUG_INFORMATION_FORMAT = dwarf;
				ENABLE_STRICT_OBJC_MSGSEND = YES;
				ENABLE_TESTABILITY = YES;
				GCC_C_LANGUAGE_STANDARD = gnu11;
				GCC_DYNAMIC_NO_PIC = NO;
				GCC_NO_COMMON_BLOCKS = YES;
				GCC_OPTIMIZATION_LEVEL = 0;
				GCC_PREPROCESSOR_DEFINITIONS = (
					"$(inherited)",
					"DEBUG=1",
				);
				GCC_WARN_64_TO_32_BIT_CONVERSION = YES;
				GCC_WARN_ABOUT_RETURN_TYPE = YES_ERROR;
				GCC_WARN_UNDECLARED_SELECTOR = YES;
				GCC_WARN_UNINITIALIZED_AUTOS = YES_AGGRESSIVE;
				GCC_WARN_UNUSED_FUNCTION = YES;
				GCC_WARN_UNUSED_VARIABLE = YES;
				MACOSX_DEPLOYMENT_TARGET = 13.0;
				MTL_ENABLE_DEBUG_INFO = INCLUDE_SOURCE;
				MTL_FAST_MATH = YES;
				ONLY_ACTIVE_ARCH = YES;
				PRODUCT_NAME = "$(TARGET_NAME)";
				SDKROOT = macosx;
				SWIFT_ACTIVE_COMPILATION_CONDITIONS = DEBUG;
				SWIFT_OPTIMIZATION_LEVEL = "-Onone";
				SWIFT_VERSION = 5.0;
			};
			name = Debug;
		};
		EEB3A736B10E325EF3073FEC /* Release */ = {
			isa = XCBuildConfiguration;
			buildSettings = {
				BUNDLE_LOADER = "$(TEST_HOST)";
				CODE_SIGN_STYLE = Automatic;
				COMBINE_HIDPI_IMAGES = YES;
				DEVELOPMENT_TEAM = 2LCM5MU5MF;
				GENERATE_INFOPLIST_FILE = YES;
				LD_RUNPATH_SEARCH_PATHS = (
					"$(inherited)",
					"@executable_path/../Frameworks",
					"@loader_path/../Frameworks",
				);
				MACOSX_DEPLOYMENT_TARGET = 13.0;
				PRODUCT_BUNDLE_IDENTIFIER = com.localdictate.app.tests;
				SDKROOT = macosx;
				TEST_HOST = "$(BUILT_PRODUCTS_DIR)/LocalDictate.app/Contents/MacOS/LocalDictate";
			};
			name = Release;
		};
		F7DC6325D93FD8922C4A0784 /* Debug */ = {
			isa = XCBuildConfiguration;
			buildSettings = {
				BUNDLE_LOADER = "$(TEST_HOST)";
				CODE_SIGN_STYLE = Automatic;
				COMBINE_HIDPI_IMAGES = YES;
				DEVELOPMENT_TEAM = 2LCM5MU5MF;
				GENERATE_INFOPLIST_FILE = YES;
				LD_RUNPATH_SEARCH_PATHS = (
					"$(inherited)",
					"@executable_path/../Frameworks",
					"@loader_path/../Frameworks",
				);
				MACOSX_DEPLOYMENT_TARGET = 13.0;
				PRODUCT_BUNDLE_IDENTIFIER = com.localdictate.app.tests;
				SDKROOT = macosx;
				TEST_HOST = "$(BUILT_PRODUCTS_DIR)/LocalDictate.app/Contents/MacOS/LocalDictate";
			};
			name = Debug;
		};
/* End XCBuildConfiguration section */

/* Begin XCConfigurationList section */
		4666B1ECD36196AD70353644 /* Build configuration list for PBXProject "LocalDictate" */ = {
			isa = XCConfigurationList;
			buildConfigurations = (
				9E1D2D9B0837F425D4DFC62D /* Debug */,
				571226F7B0AEF1081ABF0DC7 /* Release */,
			);
			defaultConfigurationIsVisible = 0;
			defaultConfigurationName = Debug;
		};
		C4728A364C4D5D8D801118F9 /* Build configuration list for PBXNativeTarget "LocalDictate" */ = {
			isa = XCConfigurationList;
			buildConfigurations = (
				421B30415035EFD7794C696C /* Debug */,
				5EEB13BFF0E27C506DCF59B6 /* Release */,
			);
			defaultConfigurationIsVisible = 0;
			defaultConfigurationName = Debug;
		};
		D4F558D7C66A2DEA1DE9CEA7 /* Build configuration list for PBXNativeTarget "LocalDictateTests" */ = {
			isa = XCConfigurationList;
			buildConfigurations = (
				F7DC6325D93FD8922C4A0784 /* Debug */,
				EEB3A736B10E325EF3073FEC /* Release */,
			);
			defaultConfigurationIsVisible = 0;
			defaultConfigurationName = Debug;
		};
/* End XCConfigurationList section */

/* Begin XCRemoteSwiftPackageReference section */
		95B49E16D7F80EFEA3F4AEEA /* XCRemoteSwiftPackageReference "argmax-oss-swift" */ = {
			isa = XCRemoteSwiftPackageReference;
			repositoryURL = "https://github.com/argmaxinc/argmax-oss-swift.git";
			requirement = {
				kind = upToNextMajorVersion;
				minimumVersion = 0.9.0;
			};
		};
/* End XCRemoteSwiftPackageReference section */

/* Begin XCSwiftPackageProductDependency section */
		4B0AA3A3DD168D5E181A378D /* WhisperKit */ = {
			isa = XCSwiftPackageProductDependency;
			package = 95B49E16D7F80EFEA3F4AEEA /* XCRemoteSwiftPackageReference "argmax-oss-swift" */;
			productName = WhisperKit;
		};
/* End XCSwiftPackageProductDependency section */
	};
	rootObject = 40978AF18E40C81F2FD8959C /* Project object */;
}
