// !$*UTF8*$!
{
	archiveVersion = 1;
	classes = {
	};
	objectVersion = 77;
	objects = {

/* Begin PBXBuildFile section */
		028DA7669A1E71CBB31996BE /* TranscriptEditorView.swift in Sources */ = {isa = PBXBuildFile; fileRef = B48889A2A3F008630DAFCA77 /* TranscriptEditorView.swift */; };
		0E9ABE300F6081710C77F441 /* DictationViewModelWorkflowTests.swift in Sources */ = {isa = PBXBuildFile; fileRef = 4BCBB454C2B64C737FADA9F9 /* DictationViewModelWorkflowTests.swift */; };
		1180EC96063AAD732650FCC8 /* ModelStatusView.swift in Sources */ = {isa = PBXBuildFile; fileRef = 74ED8332E20E822B8025B48A /* ModelStatusView.swift */; };
		137D25D7095B4CD3C30146FA /* DictationViewModelInterruptionTests.swift in Sources */ = {isa = PBXBuildFile; fileRef = 6C1F7B39C8C309178DABFA19 /* DictationViewModelInterruptionTests.swift */; };
		1942EA37B4EB34297DDD9458 /* StatusBadgeView.swift in Sources */ = {isa = PBXBuildFile; fileRef = ABE00607B98024E463D41A1D /* StatusBadgeView.swift */; };
		21A0F9DF7771CDC6401EF1D1 /* ClipboardService.swift in Sources */ = {isa = PBXBuildFile; fileRef = 3D685A22D63623268BD4FC1D /* ClipboardService.swift */; };
		31375C3B960866AEB5AB469A /* StoragePaths.swift in Sources */ = {isa = PBXBuildFile; fileRef = 270EB5CBE621E352E36B2C0E /* StoragePaths.swift */; };
		3AE8862F49190AF646BADC97 /* DictationViewModelStateModelTests.swift in Sources */ = {isa = PBXBuildFile; fileRef = 836EFA7D5DCDCAEB03186377 /* DictationViewModelStateModelTests.swift */; };
		3BE38A3E5F6252F278220281 /* MicrophonePermissionManager.swift in Sources */ = {isa = PBXBuildFile; fileRef = 7E838D859C563E1B532B8EFC /* MicrophonePermissionManager.swift */; };
		44F084868209798DECC7F4C3 /* SmokeTests.swift in Sources */ = {isa = PBXBuildFile; fileRef = 4441F0083ADE7D9BE26DFDFC /* SmokeTests.swift */; };
		465B71CD143797137C3CEFCC /* DictationViewModelPresentationTests.swift in Sources */ = {isa = PBXBuildFile; fileRef = 5788AABF32BDF2FFC9220EE3 /* DictationViewModelPresentationTests.swift */; };
		47C1D21CCFE2FBD4908498BE /* ModelManager.swift in Sources */ = {isa = PBXBuildFile; fileRef = 35CFB6E9CC787F17C0F71EDD /* ModelManager.swift */; };
		56CD80C1D6AECC3A0B9E8E49 /* AudioRecorderService.swift in Sources */ = {isa = PBXBuildFile; fileRef = 44B2F7FEBA1CBE0089ADBD0E /* AudioRecorderService.swift */; };
		677C7340709011E46AE4C5C6 /* DictationViewModel.swift in Sources */ = {isa = PBXBuildFile; fileRef = ABEC576C257EBCC1A11F433C /* DictationViewModel.swift */; };
		688DB5F1BFF8EFA1B24BE90A /* RecordingButton.swift in Sources */ = {isa = PBXBuildFile; fileRef = 9EFAB976640859385E76E674 /* RecordingButton.swift */; };
		6E8BDDB5615BAC53C9529082 /* RecordingFeedbackView.swift in Sources */ = {isa = PBXBuildFile; fileRef = DAF320CCF01FC0F6A5184B5A /* RecordingFeedbackView.swift */; };
		76A2E342D27FFF91D410AEF6 /* AppErrorTests.swift in Sources */ = {isa = PBXBuildFile; fileRef = 53303B7892A5BA845C8F1C83 /* AppErrorTests.swift */; };
		7CA0533469911DF065A1FDAB /* FileTranscriptStoreTests.swift in Sources */ = {isa = PBXBuildFile; fileRef = BCA7131458FCEDDDC3528E89 /* FileTranscriptStoreTests.swift */; };
		8A0E0F093AB84FEDA298F850 /* TranscriptionService.swift in Sources */ = {isa = PBXBuildFile; fileRef = 3459846C3E245FF0263E574C /* TranscriptionService.swift */; };
		8F6E6AF3FA4B196B4191F3B6 /* DictationViewModelDependencyInjectionTests.swift in Sources */ = {isa = PBXBuildFile; fileRef = 79E161F13FABC356F0163E63 /* DictationViewModelDependencyInjectionTests.swift */; };
		A1CE7CEA3BD99F6D1E1054DE /* AppError.swift in Sources */ = {isa = PBXBuildFile; fileRef = C7F8EC336858331662965E7A /* AppError.swift */; };
		AEED381763459F5F54EC8408 /* ContentView.swift in Sources */ = {isa = PBXBuildFile; fileRef = E66F58B9DD78240A1F23C206 /* ContentView.swift */; };
		B223389DD6B7D6F3AF1292C6 /* WhisperKit in Frameworks */ = {isa = PBXBuildFile; productRef = 56166BA038B43345787116D6 /* WhisperKit */; };
		C4457AFB46EBCC8F7A30D469 /* ScribeApp.swift in Sources */ = {isa = PBXBuildFile; fileRef = 572ACD849DC28AE0C35FCA9B /* ScribeApp.swift */; };
		C773E339EDEBEFC6167D8F82 /* PrivacyNoteView.swift in Sources */ = {isa = PBXBuildFile; fileRef = 2A1463777BA069A6A08D55E9 /* PrivacyNoteView.swift */; };
		CFADA156CD2519991D234972 /* ModelManagerTests.swift in Sources */ = {isa = PBXBuildFile; fileRef = 7AACB5FE2EC5F8870D0D078B /* ModelManagerTests.swift */; };
		D789BA5437600DF9A0F38906 /* TranscriptStore.swift in Sources */ = {isa = PBXBuildFile; fileRef = E34DD255DAD4663E52DC2015 /* TranscriptStore.swift */; };
		E2CF9CE55DF6B26B6BE05E55 /* TranscribingFeedbackView.swift in Sources */ = {isa = PBXBuildFile; fileRef = 02590FFA3C931B9C132DCB6A /* TranscribingFeedbackView.swift */; };
		F6BFEC5B587FFAA428787862 /* TestDoubles.swift in Sources */ = {isa = PBXBuildFile; fileRef = 05A458D2A2B6AC641B3C6038 /* TestDoubles.swift */; };
/* End PBXBuildFile section */

/* Begin PBXContainerItemProxy section */
		8C7CE2374CB85053DDBD1C4A /* PBXContainerItemProxy */ = {
			isa = PBXContainerItemProxy;
			containerPortal = 0911AD40AB20891FC5ABBE8B /* Project object */;
			proxyType = 1;
			remoteGlobalIDString = 33F14FC823B69894B58E6BB8;
			remoteInfo = Scribe;
		};
/* End PBXContainerItemProxy section */

/* Begin PBXFileReference section */
		02590FFA3C931B9C132DCB6A /* TranscribingFeedbackView.swift */ = {isa = PBXFileReference; lastKnownFileType = sourcecode.swift; path = TranscribingFeedbackView.swift; sourceTree = "<group>"; };
		05A458D2A2B6AC641B3C6038 /* TestDoubles.swift */ = {isa = PBXFileReference; lastKnownFileType = sourcecode.swift; path = TestDoubles.swift; sourceTree = "<group>"; };
		11345C81116DC36BA7419B25 /* Scribe.app */ = {isa = PBXFileReference; explicitFileType = wrapper.application; includeInIndex = 0; path = Scribe.app; sourceTree = BUILT_PRODUCTS_DIR; };
		270EB5CBE621E352E36B2C0E /* StoragePaths.swift */ = {isa = PBXFileReference; lastKnownFileType = sourcecode.swift; path = StoragePaths.swift; sourceTree = "<group>"; };
		2A1463777BA069A6A08D55E9 /* PrivacyNoteView.swift */ = {isa = PBXFileReference; lastKnownFileType = sourcecode.swift; path = PrivacyNoteView.swift; sourceTree = "<group>"; };
		3459846C3E245FF0263E574C /* TranscriptionService.swift */ = {isa = PBXFileReference; lastKnownFileType = sourcecode.swift; path = TranscriptionService.swift; sourceTree = "<group>"; };
		35CFB6E9CC787F17C0F71EDD /* ModelManager.swift */ = {isa = PBXFileReference; lastKnownFileType = sourcecode.swift; path = ModelManager.swift; sourceTree = "<group>"; };
		3D685A22D63623268BD4FC1D /* ClipboardService.swift */ = {isa = PBXFileReference; lastKnownFileType = sourcecode.swift; path = ClipboardService.swift; sourceTree = "<group>"; };
		4441F0083ADE7D9BE26DFDFC /* SmokeTests.swift */ = {isa = PBXFileReference; lastKnownFileType = sourcecode.swift; path = SmokeTests.swift; sourceTree = "<group>"; };
		44B2F7FEBA1CBE0089ADBD0E /* AudioRecorderService.swift */ = {isa = PBXFileReference; lastKnownFileType = sourcecode.swift; path = AudioRecorderService.swift; sourceTree = "<group>"; };
		4BCBB454C2B64C737FADA9F9 /* DictationViewModelWorkflowTests.swift */ = {isa = PBXFileReference; lastKnownFileType = sourcecode.swift; path = DictationViewModelWorkflowTests.swift; sourceTree = "<group>"; };
		53303B7892A5BA845C8F1C83 /* AppErrorTests.swift */ = {isa = PBXFileReference; lastKnownFileType = sourcecode.swift; path = AppErrorTests.swift; sourceTree = "<group>"; };
		5506129984A56293E90DE8DC /* Scribe.entitlements */ = {isa = PBXFileReference; lastKnownFileType = text.plist.entitlements; path = Scribe.entitlements; sourceTree = "<group>"; };
		572ACD849DC28AE0C35FCA9B /* ScribeApp.swift */ = {isa = PBXFileReference; lastKnownFileType = sourcecode.swift; path = ScribeApp.swift; sourceTree = "<group>"; };
		5788AABF32BDF2FFC9220EE3 /* DictationViewModelPresentationTests.swift */ = {isa = PBXFileReference; lastKnownFileType = sourcecode.swift; path = DictationViewModelPresentationTests.swift; sourceTree = "<group>"; };
		6C1F7B39C8C309178DABFA19 /* DictationViewModelInterruptionTests.swift */ = {isa = PBXFileReference; lastKnownFileType = sourcecode.swift; path = DictationViewModelInterruptionTests.swift; sourceTree = "<group>"; };
		74ED8332E20E822B8025B48A /* ModelStatusView.swift */ = {isa = PBXFileReference; lastKnownFileType = sourcecode.swift; path = ModelStatusView.swift; sourceTree = "<group>"; };
		79E161F13FABC356F0163E63 /* DictationViewModelDependencyInjectionTests.swift */ = {isa = PBXFileReference; lastKnownFileType = sourcecode.swift; path = DictationViewModelDependencyInjectionTests.swift; sourceTree = "<group>"; };
		7AACB5FE2EC5F8870D0D078B /* ModelManagerTests.swift */ = {isa = PBXFileReference; lastKnownFileType = sourcecode.swift; path = ModelManagerTests.swift; sourceTree = "<group>"; };
		7E838D859C563E1B532B8EFC /* MicrophonePermissionManager.swift */ = {isa = PBXFileReference; lastKnownFileType = sourcecode.swift; path = MicrophonePermissionManager.swift; sourceTree = "<group>"; };
		836EFA7D5DCDCAEB03186377 /* DictationViewModelStateModelTests.swift */ = {isa = PBXFileReference; lastKnownFileType = sourcecode.swift; path = DictationViewModelStateModelTests.swift; sourceTree = "<group>"; };
		9EFAB976640859385E76E674 /* RecordingButton.swift */ = {isa = PBXFileReference; lastKnownFileType = sourcecode.swift; path = RecordingButton.swift; sourceTree = "<group>"; };
		A48F31FA2EDE28B4C986C479 /* ScribeTests.xctest */ = {isa = PBXFileReference; explicitFileType = wrapper.cfbundle; includeInIndex = 0; path = ScribeTests.xctest; sourceTree = BUILT_PRODUCTS_DIR; };
		ABE00607B98024E463D41A1D /* StatusBadgeView.swift */ = {isa = PBXFileReference; lastKnownFileType = sourcecode.swift; path = StatusBadgeView.swift; sourceTree = "<group>"; };
		ABEC576C257EBCC1A11F433C /* DictationViewModel.swift */ = {isa = PBXFileReference; lastKnownFileType = sourcecode.swift; path = DictationViewModel.swift; sourceTree = "<group>"; };
		B48889A2A3F008630DAFCA77 /* TranscriptEditorView.swift */ = {isa = PBXFileReference; lastKnownFileType = sourcecode.swift; path = TranscriptEditorView.swift; sourceTree = "<group>"; };
		BCA7131458FCEDDDC3528E89 /* FileTranscriptStoreTests.swift */ = {isa = PBXFileReference; lastKnownFileType = sourcecode.swift; path = FileTranscriptStoreTests.swift; sourceTree = "<group>"; };
		C7F8EC336858331662965E7A /* AppError.swift */ = {isa = PBXFileReference; lastKnownFileType = sourcecode.swift; path = AppError.swift; sourceTree = "<group>"; };
		DAF320CCF01FC0F6A5184B5A /* RecordingFeedbackView.swift */ = {isa = PBXFileReference; lastKnownFileType = sourcecode.swift; path = RecordingFeedbackView.swift; sourceTree = "<group>"; };
		E34DD255DAD4663E52DC2015 /* TranscriptStore.swift */ = {isa = PBXFileReference; lastKnownFileType = sourcecode.swift; path = TranscriptStore.swift; sourceTree = "<group>"; };
		E66F58B9DD78240A1F23C206 /* ContentView.swift */ = {isa = PBXFileReference; lastKnownFileType = sourcecode.swift; path = ContentView.swift; sourceTree = "<group>"; };
/* End PBXFileReference section */

/* Begin PBXFrameworksBuildPhase section */
		32C8E4CDC3056D38CC51E678 /* Frameworks */ = {
			isa = PBXFrameworksBuildPhase;
			buildActionMask = 2147483647;
			files = (
				B223389DD6B7D6F3AF1292C6 /* WhisperKit in Frameworks */,
			);
			runOnlyForDeploymentPostprocessing = 0;
		};
/* End PBXFrameworksBuildPhase section */

/* Begin PBXGroup section */
		637CC253C48F5DA69FAD3A59 /* Products */ = {
			isa = PBXGroup;
			children = (
				11345C81116DC36BA7419B25 /* Scribe.app */,
				A48F31FA2EDE28B4C986C479 /* ScribeTests.xctest */,
			);
			name = Products;
			sourceTree = "<group>";
		};
		AF01848C2632E4D1F14094B3 /* ScribeTests */ = {
			isa = PBXGroup;
			children = (
				53303B7892A5BA845C8F1C83 /* AppErrorTests.swift */,
				79E161F13FABC356F0163E63 /* DictationViewModelDependencyInjectionTests.swift */,
				6C1F7B39C8C309178DABFA19 /* DictationViewModelInterruptionTests.swift */,
				5788AABF32BDF2FFC9220EE3 /* DictationViewModelPresentationTests.swift */,
				836EFA7D5DCDCAEB03186377 /* DictationViewModelStateModelTests.swift */,
				4BCBB454C2B64C737FADA9F9 /* DictationViewModelWorkflowTests.swift */,
				BCA7131458FCEDDDC3528E89 /* FileTranscriptStoreTests.swift */,
				7AACB5FE2EC5F8870D0D078B /* ModelManagerTests.swift */,
				4441F0083ADE7D9BE26DFDFC /* SmokeTests.swift */,
				05A458D2A2B6AC641B3C6038 /* TestDoubles.swift */,
			);
			path = ScribeTests;
			sourceTree = "<group>";
		};
		CE0A276A257FD1674B6227E6 /* Scribe */ = {
			isa = PBXGroup;
			children = (
				C7F8EC336858331662965E7A /* AppError.swift */,
				44B2F7FEBA1CBE0089ADBD0E /* AudioRecorderService.swift */,
				3D685A22D63623268BD4FC1D /* ClipboardService.swift */,
				E66F58B9DD78240A1F23C206 /* ContentView.swift */,
				ABEC576C257EBCC1A11F433C /* DictationViewModel.swift */,
				7E838D859C563E1B532B8EFC /* MicrophonePermissionManager.swift */,
				35CFB6E9CC787F17C0F71EDD /* ModelManager.swift */,
				74ED8332E20E822B8025B48A /* ModelStatusView.swift */,
				2A1463777BA069A6A08D55E9 /* PrivacyNoteView.swift */,
				9EFAB976640859385E76E674 /* RecordingButton.swift */,
				DAF320CCF01FC0F6A5184B5A /* RecordingFeedbackView.swift */,
				5506129984A56293E90DE8DC /* Scribe.entitlements */,
				572ACD849DC28AE0C35FCA9B /* ScribeApp.swift */,
				ABE00607B98024E463D41A1D /* StatusBadgeView.swift */,
				270EB5CBE621E352E36B2C0E /* StoragePaths.swift */,
				02590FFA3C931B9C132DCB6A /* TranscribingFeedbackView.swift */,
				B48889A2A3F008630DAFCA77 /* TranscriptEditorView.swift */,
				3459846C3E245FF0263E574C /* TranscriptionService.swift */,
				E34DD255DAD4663E52DC2015 /* TranscriptStore.swift */,
			);
			path = Scribe;
			sourceTree = "<group>";
		};
		CF1A6569B97AB964E08BAAEC = {
			isa = PBXGroup;
			children = (
				CE0A276A257FD1674B6227E6 /* Scribe */,
				AF01848C2632E4D1F14094B3 /* ScribeTests */,
				637CC253C48F5DA69FAD3A59 /* Products */,
			);
			sourceTree = "<group>";
		};
/* End PBXGroup section */

/* Begin PBXNativeTarget section */
		33F14FC823B69894B58E6BB8 /* Scribe */ = {
			isa = PBXNativeTarget;
			buildConfigurationList = 7AEB079BA819AB8DAB7D284C /* Build configuration list for PBXNativeTarget "Scribe" */;
			buildPhases = (
				A3C55BD5E9BF3DB4B77D78FC /* Sources */,
				32C8E4CDC3056D38CC51E678 /* Frameworks */,
			);
			buildRules = (
			);
			dependencies = (
			);
			name = Scribe;
			packageProductDependencies = (
				56166BA038B43345787116D6 /* WhisperKit */,
			);
			productName = Scribe;
			productReference = 11345C81116DC36BA7419B25 /* Scribe.app */;
			productType = "com.apple.product-type.application";
		};
		6240F4D993E26A2F5375238E /* ScribeTests */ = {
			isa = PBXNativeTarget;
			buildConfigurationList = E741CF0D2CF743E5831A4293 /* Build configuration list for PBXNativeTarget "ScribeTests" */;
			buildPhases = (
				153EEDEC87E548E526AAA77D /* Sources */,
			);
			buildRules = (
			);
			dependencies = (
				CA01F856DB8B7E97E499A0A0 /* PBXTargetDependency */,
			);
			name = ScribeTests;
			packageProductDependencies = (
			);
			productName = ScribeTests;
			productReference = A48F31FA2EDE28B4C986C479 /* ScribeTests.xctest */;
			productType = "com.apple.product-type.bundle.unit-test";
		};
/* End PBXNativeTarget section */

/* Begin PBXProject section */
		0911AD40AB20891FC5ABBE8B /* Project object */ = {
			isa = PBXProject;
			attributes = {
				BuildIndependentTargetsInParallel = YES;
				LastUpgradeCheck = 1430;
				TargetAttributes = {
					33F14FC823B69894B58E6BB8 = {
						DevelopmentTeam = 2LCM5MU5MF;
						ProvisioningStyle = Automatic;
					};
					6240F4D993E26A2F5375238E = {
						DevelopmentTeam = 2LCM5MU5MF;
						ProvisioningStyle = Automatic;
					};
				};
			};
			buildConfigurationList = 9E4712121E5F29BBE87574A2 /* Build configuration list for PBXProject "Scribe" */;
			developmentRegion = en;
			hasScannedForEncodings = 0;
			knownRegions = (
				Base,
				en,
			);
			mainGroup = CF1A6569B97AB964E08BAAEC;
			minimizedProjectReferenceProxies = 1;
			packageReferences = (
				0643850EB652EFA1DC191DA8 /* XCRemoteSwiftPackageReference "argmax-oss-swift" */,
			);
			preferredProjectObjectVersion = 77;
			productRefGroup = 637CC253C48F5DA69FAD3A59 /* Products */;
			projectDirPath = "";
			projectRoot = "";
			targets = (
				33F14FC823B69894B58E6BB8 /* Scribe */,
				6240F4D993E26A2F5375238E /* ScribeTests */,
			);
		};
/* End PBXProject section */

/* Begin PBXSourcesBuildPhase section */
		153EEDEC87E548E526AAA77D /* Sources */ = {
			isa = PBXSourcesBuildPhase;
			buildActionMask = 2147483647;
			files = (
				76A2E342D27FFF91D410AEF6 /* AppErrorTests.swift in Sources */,
				8F6E6AF3FA4B196B4191F3B6 /* DictationViewModelDependencyInjectionTests.swift in Sources */,
				137D25D7095B4CD3C30146FA /* DictationViewModelInterruptionTests.swift in Sources */,
				465B71CD143797137C3CEFCC /* DictationViewModelPresentationTests.swift in Sources */,
				3AE8862F49190AF646BADC97 /* DictationViewModelStateModelTests.swift in Sources */,
				0E9ABE300F6081710C77F441 /* DictationViewModelWorkflowTests.swift in Sources */,
				7CA0533469911DF065A1FDAB /* FileTranscriptStoreTests.swift in Sources */,
				CFADA156CD2519991D234972 /* ModelManagerTests.swift in Sources */,
				44F084868209798DECC7F4C3 /* SmokeTests.swift in Sources */,
				F6BFEC5B587FFAA428787862 /* TestDoubles.swift in Sources */,
			);
			runOnlyForDeploymentPostprocessing = 0;
		};
		A3C55BD5E9BF3DB4B77D78FC /* Sources */ = {
			isa = PBXSourcesBuildPhase;
			buildActionMask = 2147483647;
			files = (
				A1CE7CEA3BD99F6D1E1054DE /* AppError.swift in Sources */,
				56CD80C1D6AECC3A0B9E8E49 /* AudioRecorderService.swift in Sources */,
				21A0F9DF7771CDC6401EF1D1 /* ClipboardService.swift in Sources */,
				AEED381763459F5F54EC8408 /* ContentView.swift in Sources */,
				677C7340709011E46AE4C5C6 /* DictationViewModel.swift in Sources */,
				3BE38A3E5F6252F278220281 /* MicrophonePermissionManager.swift in Sources */,
				47C1D21CCFE2FBD4908498BE /* ModelManager.swift in Sources */,
				1180EC96063AAD732650FCC8 /* ModelStatusView.swift in Sources */,
				C773E339EDEBEFC6167D8F82 /* PrivacyNoteView.swift in Sources */,
				688DB5F1BFF8EFA1B24BE90A /* RecordingButton.swift in Sources */,
				6E8BDDB5615BAC53C9529082 /* RecordingFeedbackView.swift in Sources */,
				C4457AFB46EBCC8F7A30D469 /* ScribeApp.swift in Sources */,
				1942EA37B4EB34297DDD9458 /* StatusBadgeView.swift in Sources */,
				31375C3B960866AEB5AB469A /* StoragePaths.swift in Sources */,
				E2CF9CE55DF6B26B6BE05E55 /* TranscribingFeedbackView.swift in Sources */,
				028DA7669A1E71CBB31996BE /* TranscriptEditorView.swift in Sources */,
				D789BA5437600DF9A0F38906 /* TranscriptStore.swift in Sources */,
				8A0E0F093AB84FEDA298F850 /* TranscriptionService.swift in Sources */,
			);
			runOnlyForDeploymentPostprocessing = 0;
		};
/* End PBXSourcesBuildPhase section */

/* Begin PBXTargetDependency section */
		CA01F856DB8B7E97E499A0A0 /* PBXTargetDependency */ = {
			isa = PBXTargetDependency;
			target = 33F14FC823B69894B58E6BB8 /* Scribe */;
			targetProxy = 8C7CE2374CB85053DDBD1C4A /* PBXContainerItemProxy */;
		};
/* End PBXTargetDependency section */

/* Begin XCBuildConfiguration section */
		2888F02B7CCC4CE657242862 /* Release */ = {
			isa = XCBuildConfiguration;
			buildSettings = {
				BUNDLE_LOADER = "$(TEST_HOST)";
				CODE_SIGN_STYLE = Automatic;
				COMBINE_HIDPI_IMAGES = YES;
				DEVELOPMENT_TEAM = 2LCM5MU5MF;
				GENERATE_INFOPLIST_FILE = YES;
				LD_RUNPATH_SEARCH_PATHS = (
					"$(inherited)",
					"@executable_path/../Frameworks",
					"@loader_path/../Frameworks",
				);
				MACOSX_DEPLOYMENT_TARGET = 13.0;
				PRODUCT_BUNDLE_IDENTIFIER = com.localdictate.app.tests;
				SDKROOT = macosx;
				TEST_HOST = "$(BUILT_PRODUCTS_DIR)/Scribe.app/Contents/MacOS/Scribe";
			};
			name = Release;
		};
		555FA8EFA1338E7D76D63FF9 /* Debug */ = {
			isa = XCBuildConfiguration;
			buildSettings = {
				BUNDLE_LOADER = "$(TEST_HOST)";
				CODE_SIGN_STYLE = Automatic;
				COMBINE_HIDPI_IMAGES = YES;
				DEVELOPMENT_TEAM = 2LCM5MU5MF;
				GENERATE_INFOPLIST_FILE = YES;
				LD_RUNPATH_SEARCH_PATHS = (
					"$(inherited)",
					"@executable_path/../Frameworks",
					"@loader_path/../Frameworks",
				);
				MACOSX_DEPLOYMENT_TARGET = 13.0;
				PRODUCT_BUNDLE_IDENTIFIER = com.localdictate.app.tests;
				SDKROOT = macosx;
				TEST_HOST = "$(BUILT_PRODUCTS_DIR)/Scribe.app/Contents/MacOS/Scribe";
			};
			name = Debug;
		};
		744AF67DB3094D104DF4907F /* Debug */ = {
			isa = XCBuildConfiguration;
			buildSettings = {
				ASSETCATALOG_COMPILER_APPICON_NAME = "";
				CODE_SIGN_ENTITLEMENTS = Scribe/Scribe.entitlements;
				CODE_SIGN_STYLE = Automatic;
				COMBINE_HIDPI_IMAGES = YES;
				CURRENT_PROJECT_VERSION = 1;
				DEVELOPMENT_TEAM = 2LCM5MU5MF;
				ENABLE_HARDENED_RUNTIME = YES;
				GENERATE_INFOPLIST_FILE = YES;
				INFOPLIST_KEY_CFBundleDisplayName = Scribe;
				INFOPLIST_KEY_LSApplicationCategoryType = "public.app-category.utilities";
				INFOPLIST_KEY_NSHumanReadableCopyright = "";
				INFOPLIST_KEY_NSMicrophoneUsageDescription = "Scribe necesita acceso al micrófono para grabar tu voz y transcribirla localmente en esta Mac.";
				LD_RUNPATH_SEARCH_PATHS = (
					"$(inherited)",
					"@executable_path/../Frameworks",
				);
				MACOSX_DEPLOYMENT_TARGET = 13.0;
				MARKETING_VERSION = 0.1;
				PRODUCT_BUNDLE_IDENTIFIER = com.localdictate.app;
				PRODUCT_NAME = Scribe;
				SDKROOT = macosx;
				SWIFT_VERSION = 5.0;
			};
			name = Debug;
		};
		9F8A1B8A75D17DD51FD97E84 /* Debug */ = {
			isa = XCBuildConfiguration;
			buildSettings = {
				ALWAYS_SEARCH_USER_PATHS = NO;
				CLANG_ANALYZER_NONNULL = YES;
				CLANG_ANALYZER_NUMBER_OBJECT_CONVERSION = YES_AGGRESSIVE;
				CLANG_CXX_LANGUAGE_STANDARD = "gnu++14";
				CLANG_CXX_LIBRARY = "libc++";
				CLANG_ENABLE_MODULES = YES;
				CLANG_ENABLE_OBJC_ARC = YES;
				CLANG_ENABLE_OBJC_WEAK = YES;
				CLANG_WARN_BLOCK_CAPTURE_AUTORELEASING = YES;
				CLANG_WARN_BOOL_CONVERSION = YES;
				CLANG_WARN_COMMA = YES;
				CLANG_WARN_CONSTANT_CONVERSION = YES;
				CLANG_WARN_DEPRECATED_OBJC_IMPLEMENTATIONS = YES;
				CLANG_WARN_DIRECT_OBJC_ISA_USAGE = YES_ERROR;
				CLANG_WARN_DOCUMENTATION_COMMENTS = YES;
				CLANG_WARN_EMPTY_BODY = YES;
				CLANG_WARN_ENUM_CONVERSION = YES;
				CLANG_WARN_INFINITE_RECURSION = YES;
				CLANG_WARN_INT_CONVERSION = YES;
				CLANG_WARN_NON_LITERAL_NULL_CONVERSION = YES;
				CLANG_WARN_OBJC_IMPLICIT_RETAIN_SELF = YES;
				CLANG_WARN_OBJC_LITERAL_CONVERSION = YES;
				CLANG_WARN_OBJC_ROOT_CLASS = YES_ERROR;
				CLANG_WARN_QUOTED_INCLUDE_IN_FRAMEWORK_HEADER = YES;
				CLANG_WARN_RANGE_LOOP_ANALYSIS = YES;
				CLANG_WARN_STRICT_PROTOTYPES = YES;
				CLANG_WARN_SUSPICIOUS_MOVE = YES;
				CLANG_WARN_UNGUARDED_AVAILABILITY = YES_AGGRESSIVE;
				CLANG_WARN_UNREACHABLE_CODE = YES;
				CLANG_WARN__DUPLICATE_METHOD_MATCH = YES;
				COPY_PHASE_STRIP = NO;
				DEBUG_INFORMATION_FORMAT = dwarf;
				ENABLE_STRICT_OBJC_MSGSEND = YES;
				ENABLE_TESTABILITY = YES;
				GCC_C_LANGUAGE_STANDARD = gnu11;
				GCC_DYNAMIC_NO_PIC = NO;
				GCC_NO_COMMON_BLOCKS = YES;
				GCC_OPTIMIZATION_LEVEL = 0;
				GCC_PREPROCESSOR_DEFINITIONS = (
					"$(inherited)",
					"DEBUG=1",
				);
				GCC_WARN_64_TO_32_BIT_CONVERSION = YES;
				GCC_WARN_ABOUT_RETURN_TYPE = YES_ERROR;
				GCC_WARN_UNDECLARED_SELECTOR = YES;
				GCC_WARN_UNINITIALIZED_AUTOS = YES_AGGRESSIVE;
				GCC_WARN_UNUSED_FUNCTION = YES;
				GCC_WARN_UNUSED_VARIABLE = YES;
				MACOSX_DEPLOYMENT_TARGET = 13.0;
				MTL_ENABLE_DEBUG_INFO = INCLUDE_SOURCE;
				MTL_FAST_MATH = YES;
				ONLY_ACTIVE_ARCH = YES;
				PRODUCT_NAME = "$(TARGET_NAME)";
				SDKROOT = macosx;
				SWIFT_ACTIVE_COMPILATION_CONDITIONS = DEBUG;
				SWIFT_OPTIMIZATION_LEVEL = "-Onone";
				SWIFT_VERSION = 5.0;
			};
			name = Debug;
		};
		A7734ADE561C375D5F93F7CF /* Release */ = {
			isa = XCBuildConfiguration;
			buildSettings = {
				ALWAYS_SEARCH_USER_PATHS = NO;
				CLANG_ANALYZER_NONNULL = YES;
				CLANG_ANALYZER_NUMBER_OBJECT_CONVERSION = YES_AGGRESSIVE;
				CLANG_CXX_LANGUAGE_STANDARD = "gnu++14";
				CLANG_CXX_LIBRARY = "libc++";
				CLANG_ENABLE_MODULES = YES;
				CLANG_ENABLE_OBJC_ARC = YES;
				CLANG_ENABLE_OBJC_WEAK = YES;
				CLANG_WARN_BLOCK_CAPTURE_AUTORELEASING = YES;
				CLANG_WARN_BOOL_CONVERSION = YES;
				CLANG_WARN_COMMA = YES;
				CLANG_WARN_CONSTANT_CONVERSION = YES;
				CLANG_WARN_DEPRECATED_OBJC_IMPLEMENTATIONS = YES;
				CLANG_WARN_DIRECT_OBJC_ISA_USAGE = YES_ERROR;
				CLANG_WARN_DOCUMENTATION_COMMENTS = YES;
				CLANG_WARN_EMPTY_BODY = YES;
				CLANG_WARN_ENUM_CONVERSION = YES;
				CLANG_WARN_INFINITE_RECURSION = YES;
				CLANG_WARN_INT_CONVERSION = YES;
				CLANG_WARN_NON_LITERAL_NULL_CONVERSION = YES;
				CLANG_WARN_OBJC_IMPLICIT_RETAIN_SELF = YES;
				CLANG_WARN_OBJC_LITERAL_CONVERSION = YES;
				CLANG_WARN_OBJC_ROOT_CLASS = YES_ERROR;
				CLANG_WARN_QUOTED_INCLUDE_IN_FRAMEWORK_HEADER = YES;
				CLANG_WARN_RANGE_LOOP_ANALYSIS = YES;
				CLANG_WARN_STRICT_PROTOTYPES = YES;
				CLANG_WARN_SUSPICIOUS_MOVE = YES;
				CLANG_WARN_UNGUARDED_AVAILABILITY = YES_AGGRESSIVE;
				CLANG_WARN_UNREACHABLE_CODE = YES;
				CLANG_WARN__DUPLICATE_METHOD_MATCH = YES;
				COPY_PHASE_STRIP = NO;
				DEBUG_INFORMATION_FORMAT = "dwarf-with-dsym";
				ENABLE_NS_ASSERTIONS = NO;
				ENABLE_STRICT_OBJC_MSGSEND = YES;
				GCC_C_LANGUAGE_STANDARD = gnu11;
				GCC_NO_COMMON_BLOCKS = YES;
				GCC_WARN_64_TO_32_BIT_CONVERSION = YES;
				GCC_WARN_ABOUT_RETURN_TYPE = YES_ERROR;
				GCC_WARN_UNDECLARED_SELECTOR = YES;
				GCC_WARN_UNINITIALIZED_AUTOS = YES_AGGRESSIVE;
				GCC_WARN_UNUSED_FUNCTION = YES;
				GCC_WARN_UNUSED_VARIABLE = YES;
				MACOSX_DEPLOYMENT_TARGET = 13.0;
				MTL_ENABLE_DEBUG_INFO = NO;
				MTL_FAST_MATH = YES;
				PRODUCT_NAME = "$(TARGET_NAME)";
				SDKROOT = macosx;
				SWIFT_COMPILATION_MODE = wholemodule;
				SWIFT_OPTIMIZATION_LEVEL = "-O";
				SWIFT_VERSION = 5.0;
			};
			name = Release;
		};
		DCABE6504E02D2E1270AA4AE /* Release */ = {
			isa = XCBuildConfiguration;
			buildSettings = {
				ASSETCATALOG_COMPILER_APPICON_NAME = "";
				CODE_SIGN_ENTITLEMENTS = Scribe/Scribe.entitlements;
				CODE_SIGN_STYLE = Automatic;
				COMBINE_HIDPI_IMAGES = YES;
				CURRENT_PROJECT_VERSION = 1;
				DEVELOPMENT_TEAM = 2LCM5MU5MF;
				ENABLE_HARDENED_RUNTIME = YES;
				GENERATE_INFOPLIST_FILE = YES;
				INFOPLIST_KEY_CFBundleDisplayName = Scribe;
				INFOPLIST_KEY_LSApplicationCategoryType = "public.app-category.utilities";
				INFOPLIST_KEY_NSHumanReadableCopyright = "";
				INFOPLIST_KEY_NSMicrophoneUsageDescription = "Scribe necesita acceso al micrófono para grabar tu voz y transcribirla localmente en esta Mac.";
				LD_RUNPATH_SEARCH_PATHS = (
					"$(inherited)",
					"@executable_path/../Frameworks",
				);
				MACOSX_DEPLOYMENT_TARGET = 13.0;
				MARKETING_VERSION = 0.1;
				PRODUCT_BUNDLE_IDENTIFIER = com.localdictate.app;
				PRODUCT_NAME = Scribe;
				SDKROOT = macosx;
				SWIFT_VERSION = 5.0;
			};
			name = Release;
		};
/* End XCBuildConfiguration section */

/* Begin XCConfigurationList section */
		7AEB079BA819AB8DAB7D284C /* Build configuration list for PBXNativeTarget "Scribe" */ = {
			isa = XCConfigurationList;
			buildConfigurations = (
				744AF67DB3094D104DF4907F /* Debug */,
				DCABE6504E02D2E1270AA4AE /* Release */,
			);
			defaultConfigurationIsVisible = 0;
			defaultConfigurationName = Debug;
		};
		9E4712121E5F29BBE87574A2 /* Build configuration list for PBXProject "Scribe" */ = {
			isa = XCConfigurationList;
			buildConfigurations = (
				9F8A1B8A75D17DD51FD97E84 /* Debug */,
				A7734ADE561C375D5F93F7CF /* Release */,
			);
			defaultConfigurationIsVisible = 0;
			defaultConfigurationName = Debug;
		};
		E741CF0D2CF743E5831A4293 /* Build configuration list for PBXNativeTarget "ScribeTests" */ = {
			isa = XCConfigurationList;
			buildConfigurations = (
				555FA8EFA1338E7D76D63FF9 /* Debug */,
				2888F02B7CCC4CE657242862 /* Release */,
			);
			defaultConfigurationIsVisible = 0;
			defaultConfigurationName = Debug;
		};
/* End XCConfigurationList section */

/* Begin XCRemoteSwiftPackageReference section */
		0643850EB652EFA1DC191DA8 /* XCRemoteSwiftPackageReference "argmax-oss-swift" */ = {
			isa = XCRemoteSwiftPackageReference;
			repositoryURL = "https://github.com/argmaxinc/argmax-oss-swift.git";
			requirement = {
				kind = upToNextMajorVersion;
				minimumVersion = 0.9.0;
			};
		};
/* End XCRemoteSwiftPackageReference section */

/* Begin XCSwiftPackageProductDependency section */
		56166BA038B43345787116D6 /* WhisperKit */ = {
			isa = XCSwiftPackageProductDependency;
			package = 0643850EB652EFA1DC191DA8 /* XCRemoteSwiftPackageReference "argmax-oss-swift" */;
			productName = WhisperKit;
		};
/* End XCSwiftPackageProductDependency section */
	};
	rootObject = 0911AD40AB20891FC5ABBE8B /* Project object */;
}
