// !$*UTF8*$!
{
	archiveVersion = 1;
	classes = {
	};
	objectVersion = 77;
	objects = {

/* Begin PBXBuildFile section */
		0069334D8C5DC8CFAC31B67E /* PermissionStatusControllerTests.swift in Sources */ = {isa = PBXBuildFile; fileRef = AD2C29933D45818F32D6613F /* PermissionStatusControllerTests.swift */; };
		028DA7669A1E71CBB31996BE /* TranscriptEditorView.swift in Sources */ = {isa = PBXBuildFile; fileRef = B48889A2A3F008630DAFCA77 /* TranscriptEditorView.swift */; };
		051D7BE6DC2EEBBC01AE0AB7 /* RecordingDurationPolicy.swift in Sources */ = {isa = PBXBuildFile; fileRef = CC60939B12CF88612FD94E7D /* RecordingDurationPolicy.swift */; };
		0D2E35316043119F4FFBB304 /* TranscriptSessionController.swift in Sources */ = {isa = PBXBuildFile; fileRef = 72ED7A7E0F9A7BFAB3EF4FE2 /* TranscriptSessionController.swift */; };
		0E9ABE300F6081710C77F441 /* DictationViewModelWorkflowTests.swift in Sources */ = {isa = PBXBuildFile; fileRef = 4BCBB454C2B64C737FADA9F9 /* DictationViewModelWorkflowTests.swift */; };
		137D25D7095B4CD3C30146FA /* DictationViewModelInterruptionTests.swift in Sources */ = {isa = PBXBuildFile; fileRef = 6C1F7B39C8C309178DABFA19 /* DictationViewModelInterruptionTests.swift */; };
		19F4DE06D924B33FFF3D937F /* DictationViewModelPrimaryStateTests.swift in Sources */ = {isa = PBXBuildFile; fileRef = 786083DC402CD76551034BD9 /* DictationViewModelPrimaryStateTests.swift */; };
		21A0F9DF7771CDC6401EF1D1 /* ClipboardService.swift in Sources */ = {isa = PBXBuildFile; fileRef = 3D685A22D63623268BD4FC1D /* ClipboardService.swift */; };
		2A2E48DB80FB36A2F81F47C4 /* DictationViewModelAutoPasteTriggerTests.swift in Sources */ = {isa = PBXBuildFile; fileRef = 34A4A0333B1AC2A7669D0333 /* DictationViewModelAutoPasteTriggerTests.swift */; };
		2F8BB8987DE7DF002FAE58DB /* GlobalHotkeyServiceTests.swift in Sources */ = {isa = PBXBuildFile; fileRef = A06EDDB2519C8FB669D3DC78 /* GlobalHotkeyServiceTests.swift */; };
		31375C3B960866AEB5AB469A /* StoragePaths.swift in Sources */ = {isa = PBXBuildFile; fileRef = 270EB5CBE621E352E36B2C0E /* StoragePaths.swift */; };
		31C9AB0210D8E26D25107F53 /* DictationViewModelAutoPasteCaptureTests.swift in Sources */ = {isa = PBXBuildFile; fileRef = C3B64DCA0923FA0ACA030747 /* DictationViewModelAutoPasteCaptureTests.swift */; };
		3AA4DD75F153C9FF602D0520 /* RecordingMeterTests.swift in Sources */ = {isa = PBXBuildFile; fileRef = 20DFDB2D846C452C5E6A39BE /* RecordingMeterTests.swift */; };
		3AE8862F49190AF646BADC97 /* DictationViewModelStateModelTests.swift in Sources */ = {isa = PBXBuildFile; fileRef = 836EFA7D5DCDCAEB03186377 /* DictationViewModelStateModelTests.swift */; };
		3BE38A3E5F6252F278220281 /* MicrophonePermissionManager.swift in Sources */ = {isa = PBXBuildFile; fileRef = 7E838D859C563E1B532B8EFC /* MicrophonePermissionManager.swift */; };
		42432434BB15496759C93C80 /* DictationViewModelOverlayPhaseTests.swift in Sources */ = {isa = PBXBuildFile; fileRef = 8BD59E0993369C484FE09BF8 /* DictationViewModelOverlayPhaseTests.swift */; };
		44F084868209798DECC7F4C3 /* SmokeTests.swift in Sources */ = {isa = PBXBuildFile; fileRef = 4441F0083ADE7D9BE26DFDFC /* SmokeTests.swift */; };
		465B71CD143797137C3CEFCC /* DictationViewModelPresentationTests.swift in Sources */ = {isa = PBXBuildFile; fileRef = 5788AABF32BDF2FFC9220EE3 /* DictationViewModelPresentationTests.swift */; };
		4716529AB4419B0229B08D4A /* DictationViewModelOnboardingTests.swift in Sources */ = {isa = PBXBuildFile; fileRef = CE3EE590DB31F8368623D8D3 /* DictationViewModelOnboardingTests.swift */; };
		47C1D21CCFE2FBD4908498BE /* ModelManager.swift in Sources */ = {isa = PBXBuildFile; fileRef = 35CFB6E9CC787F17C0F71EDD /* ModelManager.swift */; };
		549CAB59832BBAE3D7514386 /* MenuBarContentView.swift in Sources */ = {isa = PBXBuildFile; fileRef = 231B557B052C6195E33F6795 /* MenuBarContentView.swift */; };
		564C50CF3324C5DDFCD12FAB /* RecordingOverlayController.swift in Sources */ = {isa = PBXBuildFile; fileRef = 359F2F862E9292FC5D50CD33 /* RecordingOverlayController.swift */; };
		56CD80C1D6AECC3A0B9E8E49 /* AudioRecorderService.swift in Sources */ = {isa = PBXBuildFile; fileRef = 44B2F7FEBA1CBE0089ADBD0E /* AudioRecorderService.swift */; };
		58FA6F896CE30C27264BF0D7 /* AppDelegate.swift in Sources */ = {isa = PBXBuildFile; fileRef = 3711DECCD9B3CE4D5706D0B9 /* AppDelegate.swift */; };
		61B595A0D7BEBA8CECA38E2C /* TranscriptionAttemptCoordinator.swift in Sources */ = {isa = PBXBuildFile; fileRef = 19813E0FCBF4521C87E345E8 /* TranscriptionAttemptCoordinator.swift */; };
		6530D578D20B168E5D36BF8E /* ScribeDesignTokens.swift in Sources */ = {isa = PBXBuildFile; fileRef = 8F2236566BD286F974304DA0 /* ScribeDesignTokens.swift */; };
		677C7340709011E46AE4C5C6 /* DictationViewModel.swift in Sources */ = {isa = PBXBuildFile; fileRef = ABEC576C257EBCC1A11F433C /* DictationViewModel.swift */; };
		6E8BDDB5615BAC53C9529082 /* RecordingFeedbackView.swift in Sources */ = {isa = PBXBuildFile; fileRef = DAF320CCF01FC0F6A5184B5A /* RecordingFeedbackView.swift */; };
		6EBEC12431337B1D973CA3A8 /* RecordingOverlayView.swift in Sources */ = {isa = PBXBuildFile; fileRef = BA0C1C6D65E795C43387A7AB /* RecordingOverlayView.swift */; };
		70A9809221ABFBF1E3D1BE11 /* TranscriptSessionControllerTests.swift in Sources */ = {isa = PBXBuildFile; fileRef = DD380EEDB88AAFC5AAD77B73 /* TranscriptSessionControllerTests.swift */; };
		7534394C82A4540F0A474CBB /* RecordingDurationPolicyTests.swift in Sources */ = {isa = PBXBuildFile; fileRef = 8641F35097FD59A26DFE450B /* RecordingDurationPolicyTests.swift */; };
		76A2E342D27FFF91D410AEF6 /* AppErrorTests.swift in Sources */ = {isa = PBXBuildFile; fileRef = 53303B7892A5BA845C8F1C83 /* AppErrorTests.swift */; };
		7CA0533469911DF065A1FDAB /* FileTranscriptStoreTests.swift in Sources */ = {isa = PBXBuildFile; fileRef = BCA7131458FCEDDDC3528E89 /* FileTranscriptStoreTests.swift */; };
		8A0E0F093AB84FEDA298F850 /* TranscriptionService.swift in Sources */ = {isa = PBXBuildFile; fileRef = 3459846C3E245FF0263E574C /* TranscriptionService.swift */; };
		8BA6A420341F0849397FE16B /* ScribeHeaderView.swift in Sources */ = {isa = PBXBuildFile; fileRef = A17282ED7FF0A44FDEB25963 /* ScribeHeaderView.swift */; };
		8F6E6AF3FA4B196B4191F3B6 /* DictationViewModelDependencyInjectionTests.swift in Sources */ = {isa = PBXBuildFile; fileRef = 79E161F13FABC356F0163E63 /* DictationViewModelDependencyInjectionTests.swift */; };
		A1CE7CEA3BD99F6D1E1054DE /* AppError.swift in Sources */ = {isa = PBXBuildFile; fileRef = C7F8EC336858331662965E7A /* AppError.swift */; };
		A3FA3339B16DDF1CCBBFE157 /* ScribeCardStyle.swift in Sources */ = {isa = PBXBuildFile; fileRef = 76437F84ADD01D2E0B177D8E /* ScribeCardStyle.swift */; };
		AEED381763459F5F54EC8408 /* ContentView.swift in Sources */ = {isa = PBXBuildFile; fileRef = E66F58B9DD78240A1F23C206 /* ContentView.swift */; };
		B223389DD6B7D6F3AF1292C6 /* WhisperKit in Frameworks */ = {isa = PBXBuildFile; productRef = 56166BA038B43345787116D6 /* WhisperKit */; };
		B2FABC8FA97126FDF75B8112 /* DictationViewModelAutoPasteToggleTests.swift in Sources */ = {isa = PBXBuildFile; fileRef = 97AE31AEFC1393EB18948BEC /* DictationViewModelAutoPasteToggleTests.swift */; };
		B31A2D7053E57AE49C7E596E /* TranscriptionAttemptCoordinatorTests.swift in Sources */ = {isa = PBXBuildFile; fileRef = E7F82CF2620FC30FE7CE5A8E /* TranscriptionAttemptCoordinatorTests.swift */; };
		B627609C466B38EEB59CB39C /* PermissionStatusController.swift in Sources */ = {isa = PBXBuildFile; fileRef = 7733B3BCCD6A8A2990E2CBE0 /* PermissionStatusController.swift */; };
		BC13C4805DBE74765CD545DF /* RecordingMeter.swift in Sources */ = {isa = PBXBuildFile; fileRef = E1A167AEF3D88CBDDE7D301F /* RecordingMeter.swift */; };
		BEDB99A9CF7173548DAF21B7 /* OnboardingWelcomeView.swift in Sources */ = {isa = PBXBuildFile; fileRef = 6B62EB5CB3E664E26F622D9C /* OnboardingWelcomeView.swift */; };
		C4457AFB46EBCC8F7A30D469 /* ScribeApp.swift in Sources */ = {isa = PBXBuildFile; fileRef = 572ACD849DC28AE0C35FCA9B /* ScribeApp.swift */; };
		C6BCFB78BC699B5EC54DB75E /* WindowActivationServiceTests.swift in Sources */ = {isa = PBXBuildFile; fileRef = C60E15CB93482FFE51FCB6A8 /* WindowActivationServiceTests.swift */; };
		CFADA156CD2519991D234972 /* ModelManagerTests.swift in Sources */ = {isa = PBXBuildFile; fileRef = 7AACB5FE2EC5F8870D0D078B /* ModelManagerTests.swift */; };
		D789BA5437600DF9A0F38906 /* TranscriptStore.swift in Sources */ = {isa = PBXBuildFile; fileRef = E34DD255DAD4663E52DC2015 /* TranscriptStore.swift */; };
		E0B84DA1EEA80AD897F43DC6 /* AutoPasteService.swift in Sources */ = {isa = PBXBuildFile; fileRef = BC12DB7E78A47777348D3637 /* AutoPasteService.swift */; };
		E2CF9CE55DF6B26B6BE05E55 /* TranscribingFeedbackView.swift in Sources */ = {isa = PBXBuildFile; fileRef = 02590FFA3C931B9C132DCB6A /* TranscribingFeedbackView.swift */; };
		E793C933DE259EC52429937C /* GlobalHotkeyService.swift in Sources */ = {isa = PBXBuildFile; fileRef = 4C7A670618EFD1E449579B15 /* GlobalHotkeyService.swift */; };
		EB484B9EC96A37AE47DFC25E /* WindowActivationService.swift in Sources */ = {isa = PBXBuildFile; fileRef = 95CE08B4AF2A99CBA0EF7495 /* WindowActivationService.swift */; };
		F6BFEC5B587FFAA428787862 /* TestDoubles.swift in Sources */ = {isa = PBXBuildFile; fileRef = 05A458D2A2B6AC641B3C6038 /* TestDoubles.swift */; };
		F6EB18EEAA041A038DFC5752 /* Assets.xcassets in Resources */ = {isa = PBXBuildFile; fileRef = 0D9B56D3A82F894C60EF067C /* Assets.xcassets */; };
		FBB67A4FFE12CBB8129D1883 /* AutoPasteServiceTests.swift in Sources */ = {isa = PBXBuildFile; fileRef = 0AFB149FB14066CC05160141 /* AutoPasteServiceTests.swift */; };
/* End PBXBuildFile section */

/* Begin PBXContainerItemProxy section */
		8C7CE2374CB85053DDBD1C4A /* PBXContainerItemProxy */ = {
			isa = PBXContainerItemProxy;
			containerPortal = 0911AD40AB20891FC5ABBE8B /* Project object */;
			proxyType = 1;
			remoteGlobalIDString = 33F14FC823B69894B58E6BB8;
			remoteInfo = Scribe;
		};
/* End PBXContainerItemProxy section */

/* Begin PBXFileReference section */
		02590FFA3C931B9C132DCB6A /* TranscribingFeedbackView.swift */ = {isa = PBXFileReference; lastKnownFileType = sourcecode.swift; path = TranscribingFeedbackView.swift; sourceTree = "<group>"; };
		05A458D2A2B6AC641B3C6038 /* TestDoubles.swift */ = {isa = PBXFileReference; lastKnownFileType = sourcecode.swift; path = TestDoubles.swift; sourceTree = "<group>"; };
		0AFB149FB14066CC05160141 /* AutoPasteServiceTests.swift */ = {isa = PBXFileReference; lastKnownFileType = sourcecode.swift; path = AutoPasteServiceTests.swift; sourceTree = "<group>"; };
		0D9B56D3A82F894C60EF067C /* Assets.xcassets */ = {isa = PBXFileReference; lastKnownFileType = folder.assetcatalog; path = Assets.xcassets; sourceTree = "<group>"; };
		11345C81116DC36BA7419B25 /* Scribe.app */ = {isa = PBXFileReference; explicitFileType = wrapper.application; includeInIndex = 0; path = Scribe.app; sourceTree = BUILT_PRODUCTS_DIR; };
		19813E0FCBF4521C87E345E8 /* TranscriptionAttemptCoordinator.swift */ = {isa = PBXFileReference; lastKnownFileType = sourcecode.swift; path = TranscriptionAttemptCoordinator.swift; sourceTree = "<group>"; };
		20DFDB2D846C452C5E6A39BE /* RecordingMeterTests.swift */ = {isa = PBXFileReference; lastKnownFileType = sourcecode.swift; path = RecordingMeterTests.swift; sourceTree = "<group>"; };
		231B557B052C6195E33F6795 /* MenuBarContentView.swift */ = {isa = PBXFileReference; lastKnownFileType = sourcecode.swift; path = MenuBarContentView.swift; sourceTree = "<group>"; };
		270EB5CBE621E352E36B2C0E /* StoragePaths.swift */ = {isa = PBXFileReference; lastKnownFileType = sourcecode.swift; path = StoragePaths.swift; sourceTree = "<group>"; };
		3459846C3E245FF0263E574C /* TranscriptionService.swift */ = {isa = PBXFileReference; lastKnownFileType = sourcecode.swift; path = TranscriptionService.swift; sourceTree = "<group>"; };
		34A4A0333B1AC2A7669D0333 /* DictationViewModelAutoPasteTriggerTests.swift */ = {isa = PBXFileReference; lastKnownFileType = sourcecode.swift; path = DictationViewModelAutoPasteTriggerTests.swift; sourceTree = "<group>"; };
		359F2F862E9292FC5D50CD33 /* RecordingOverlayController.swift */ = {isa = PBXFileReference; lastKnownFileType = sourcecode.swift; path = RecordingOverlayController.swift; sourceTree = "<group>"; };
		35CFB6E9CC787F17C0F71EDD /* ModelManager.swift */ = {isa = PBXFileReference; lastKnownFileType = sourcecode.swift; path = ModelManager.swift; sourceTree = "<group>"; };
		3711DECCD9B3CE4D5706D0B9 /* AppDelegate.swift */ = {isa = PBXFileReference; lastKnownFileType = sourcecode.swift; path = AppDelegate.swift; sourceTree = "<group>"; };
		3D685A22D63623268BD4FC1D /* ClipboardService.swift */ = {isa = PBXFileReference; lastKnownFileType = sourcecode.swift; path = ClipboardService.swift; sourceTree = "<group>"; };
		4441F0083ADE7D9BE26DFDFC /* SmokeTests.swift */ = {isa = PBXFileReference; lastKnownFileType = sourcecode.swift; path = SmokeTests.swift; sourceTree = "<group>"; };
		44B2F7FEBA1CBE0089ADBD0E /* AudioRecorderService.swift */ = {isa = PBXFileReference; lastKnownFileType = sourcecode.swift; path = AudioRecorderService.swift; sourceTree = "<group>"; };
		4BCBB454C2B64C737FADA9F9 /* DictationViewModelWorkflowTests.swift */ = {isa = PBXFileReference; lastKnownFileType = sourcecode.swift; path = DictationViewModelWorkflowTests.swift; sourceTree = "<group>"; };
		4C7A670618EFD1E449579B15 /* GlobalHotkeyService.swift */ = {isa = PBXFileReference; lastKnownFileType = sourcecode.swift; path = GlobalHotkeyService.swift; sourceTree = "<group>"; };
		53303B7892A5BA845C8F1C83 /* AppErrorTests.swift */ = {isa = PBXFileReference; lastKnownFileType = sourcecode.swift; path = AppErrorTests.swift; sourceTree = "<group>"; };
		5506129984A56293E90DE8DC /* Scribe.entitlements */ = {isa = PBXFileReference; lastKnownFileType = text.plist.entitlements; path = Scribe.entitlements; sourceTree = "<group>"; };
		572ACD849DC28AE0C35FCA9B /* ScribeApp.swift */ = {isa = PBXFileReference; lastKnownFileType = sourcecode.swift; path = ScribeApp.swift; sourceTree = "<group>"; };
		5788AABF32BDF2FFC9220EE3 /* DictationViewModelPresentationTests.swift */ = {isa = PBXFileReference; lastKnownFileType = sourcecode.swift; path = DictationViewModelPresentationTests.swift; sourceTree = "<group>"; };
		6B62EB5CB3E664E26F622D9C /* OnboardingWelcomeView.swift */ = {isa = PBXFileReference; lastKnownFileType = sourcecode.swift; path = OnboardingWelcomeView.swift; sourceTree = "<group>"; };
		6C1F7B39C8C309178DABFA19 /* DictationViewModelInterruptionTests.swift */ = {isa = PBXFileReference; lastKnownFileType = sourcecode.swift; path = DictationViewModelInterruptionTests.swift; sourceTree = "<group>"; };
		72ED7A7E0F9A7BFAB3EF4FE2 /* TranscriptSessionController.swift */ = {isa = PBXFileReference; lastKnownFileType = sourcecode.swift; path = TranscriptSessionController.swift; sourceTree = "<group>"; };
		76437F84ADD01D2E0B177D8E /* ScribeCardStyle.swift */ = {isa = PBXFileReference; lastKnownFileType = sourcecode.swift; path = ScribeCardStyle.swift; sourceTree = "<group>"; };
		7733B3BCCD6A8A2990E2CBE0 /* PermissionStatusController.swift */ = {isa = PBXFileReference; lastKnownFileType = sourcecode.swift; path = PermissionStatusController.swift; sourceTree = "<group>"; };
		786083DC402CD76551034BD9 /* DictationViewModelPrimaryStateTests.swift */ = {isa = PBXFileReference; lastKnownFileType = sourcecode.swift; path = DictationViewModelPrimaryStateTests.swift; sourceTree = "<group>"; };
		79E161F13FABC356F0163E63 /* DictationViewModelDependencyInjectionTests.swift */ = {isa = PBXFileReference; lastKnownFileType = sourcecode.swift; path = DictationViewModelDependencyInjectionTests.swift; sourceTree = "<group>"; };
		7AACB5FE2EC5F8870D0D078B /* ModelManagerTests.swift */ = {isa = PBXFileReference; lastKnownFileType = sourcecode.swift; path = ModelManagerTests.swift; sourceTree = "<group>"; };
		7E838D859C563E1B532B8EFC /* MicrophonePermissionManager.swift */ = {isa = PBXFileReference; lastKnownFileType = sourcecode.swift; path = MicrophonePermissionManager.swift; sourceTree = "<group>"; };
		836EFA7D5DCDCAEB03186377 /* DictationViewModelStateModelTests.swift */ = {isa = PBXFileReference; lastKnownFileType = sourcecode.swift; path = DictationViewModelStateModelTests.swift; sourceTree = "<group>"; };
		8641F35097FD59A26DFE450B /* RecordingDurationPolicyTests.swift */ = {isa = PBXFileReference; lastKnownFileType = sourcecode.swift; path = RecordingDurationPolicyTests.swift; sourceTree = "<group>"; };
		8BD59E0993369C484FE09BF8 /* DictationViewModelOverlayPhaseTests.swift */ = {isa = PBXFileReference; lastKnownFileType = sourcecode.swift; path = DictationViewModelOverlayPhaseTests.swift; sourceTree = "<group>"; };
		8F2236566BD286F974304DA0 /* ScribeDesignTokens.swift */ = {isa = PBXFileReference; lastKnownFileType = sourcecode.swift; path = ScribeDesignTokens.swift; sourceTree = "<group>"; };
		95CE08B4AF2A99CBA0EF7495 /* WindowActivationService.swift */ = {isa = PBXFileReference; lastKnownFileType = sourcecode.swift; path = WindowActivationService.swift; sourceTree = "<group>"; };
		97AE31AEFC1393EB18948BEC /* DictationViewModelAutoPasteToggleTests.swift */ = {isa = PBXFileReference; lastKnownFileType = sourcecode.swift; path = DictationViewModelAutoPasteToggleTests.swift; sourceTree = "<group>"; };
		A06EDDB2519C8FB669D3DC78 /* GlobalHotkeyServiceTests.swift */ = {isa = PBXFileReference; lastKnownFileType = sourcecode.swift; path = GlobalHotkeyServiceTests.swift; sourceTree = "<group>"; };
		A17282ED7FF0A44FDEB25963 /* ScribeHeaderView.swift */ = {isa = PBXFileReference; lastKnownFileType = sourcecode.swift; path = ScribeHeaderView.swift; sourceTree = "<group>"; };
		A48F31FA2EDE28B4C986C479 /* ScribeTests.xctest */ = {isa = PBXFileReference; explicitFileType = wrapper.cfbundle; includeInIndex = 0; path = ScribeTests.xctest; sourceTree = BUILT_PRODUCTS_DIR; };
		ABEC576C257EBCC1A11F433C /* DictationViewModel.swift */ = {isa = PBXFileReference; lastKnownFileType = sourcecode.swift; path = DictationViewModel.swift; sourceTree = "<group>"; };
		AD2C29933D45818F32D6613F /* PermissionStatusControllerTests.swift */ = {isa = PBXFileReference; lastKnownFileType = sourcecode.swift; path = PermissionStatusControllerTests.swift; sourceTree = "<group>"; };
		B48889A2A3F008630DAFCA77 /* TranscriptEditorView.swift */ = {isa = PBXFileReference; lastKnownFileType = sourcecode.swift; path = TranscriptEditorView.swift; sourceTree = "<group>"; };
		BA0C1C6D65E795C43387A7AB /* RecordingOverlayView.swift */ = {isa = PBXFileReference; lastKnownFileType = sourcecode.swift; path = RecordingOverlayView.swift; sourceTree = "<group>"; };
		BC12DB7E78A47777348D3637 /* AutoPasteService.swift */ = {isa = PBXFileReference; lastKnownFileType = sourcecode.swift; path = AutoPasteService.swift; sourceTree = "<group>"; };
		BCA7131458FCEDDDC3528E89 /* FileTranscriptStoreTests.swift */ = {isa = PBXFileReference; lastKnownFileType = sourcecode.swift; path = FileTranscriptStoreTests.swift; sourceTree = "<group>"; };
		C3B64DCA0923FA0ACA030747 /* DictationViewModelAutoPasteCaptureTests.swift */ = {isa = PBXFileReference; lastKnownFileType = sourcecode.swift; path = DictationViewModelAutoPasteCaptureTests.swift; sourceTree = "<group>"; };
		C60E15CB93482FFE51FCB6A8 /* WindowActivationServiceTests.swift */ = {isa = PBXFileReference; lastKnownFileType = sourcecode.swift; path = WindowActivationServiceTests.swift; sourceTree = "<group>"; };
		C7F8EC336858331662965E7A /* AppError.swift */ = {isa = PBXFileReference; lastKnownFileType = sourcecode.swift; path = AppError.swift; sourceTree = "<group>"; };
		CC60939B12CF88612FD94E7D /* RecordingDurationPolicy.swift */ = {isa = PBXFileReference; lastKnownFileType = sourcecode.swift; path = RecordingDurationPolicy.swift; sourceTree = "<group>"; };
		CE3EE590DB31F8368623D8D3 /* DictationViewModelOnboardingTests.swift */ = {isa = PBXFileReference; lastKnownFileType = sourcecode.swift; path = DictationViewModelOnboardingTests.swift; sourceTree = "<group>"; };
		DAF320CCF01FC0F6A5184B5A /* RecordingFeedbackView.swift */ = {isa = PBXFileReference; lastKnownFileType = sourcecode.swift; path = RecordingFeedbackView.swift; sourceTree = "<group>"; };
		DD380EEDB88AAFC5AAD77B73 /* TranscriptSessionControllerTests.swift */ = {isa = PBXFileReference; lastKnownFileType = sourcecode.swift; path = TranscriptSessionControllerTests.swift; sourceTree = "<group>"; };
		E1A167AEF3D88CBDDE7D301F /* RecordingMeter.swift */ = {isa = PBXFileReference; lastKnownFileType = sourcecode.swift; path = RecordingMeter.swift; sourceTree = "<group>"; };
		E34DD255DAD4663E52DC2015 /* TranscriptStore.swift */ = {isa = PBXFileReference; lastKnownFileType = sourcecode.swift; path = TranscriptStore.swift; sourceTree = "<group>"; };
		E66F58B9DD78240A1F23C206 /* ContentView.swift */ = {isa = PBXFileReference; lastKnownFileType = sourcecode.swift; path = ContentView.swift; sourceTree = "<group>"; };
		E7F82CF2620FC30FE7CE5A8E /* TranscriptionAttemptCoordinatorTests.swift */ = {isa = PBXFileReference; lastKnownFileType = sourcecode.swift; path = TranscriptionAttemptCoordinatorTests.swift; sourceTree = "<group>"; };
/* End PBXFileReference section */

/* Begin PBXFrameworksBuildPhase section */
		32C8E4CDC3056D38CC51E678 /* Frameworks */ = {
			isa = PBXFrameworksBuildPhase;
			buildActionMask = 2147483647;
			files = (
				B223389DD6B7D6F3AF1292C6 /* WhisperKit in Frameworks */,
			);
			runOnlyForDeploymentPostprocessing = 0;
		};
/* End PBXFrameworksBuildPhase section */

/* Begin PBXGroup section */
		637CC253C48F5DA69FAD3A59 /* Products */ = {
			isa = PBXGroup;
			children = (
				11345C81116DC36BA7419B25 /* Scribe.app */,
				A48F31FA2EDE28B4C986C479 /* ScribeTests.xctest */,
			);
			name = Products;
			sourceTree = "<group>";
		};
		AF01848C2632E4D1F14094B3 /* ScribeTests */ = {
			isa = PBXGroup;
			children = (
				53303B7892A5BA845C8F1C83 /* AppErrorTests.swift */,
				0AFB149FB14066CC05160141 /* AutoPasteServiceTests.swift */,
				C3B64DCA0923FA0ACA030747 /* DictationViewModelAutoPasteCaptureTests.swift */,
				97AE31AEFC1393EB18948BEC /* DictationViewModelAutoPasteToggleTests.swift */,
				34A4A0333B1AC2A7669D0333 /* DictationViewModelAutoPasteTriggerTests.swift */,
				79E161F13FABC356F0163E63 /* DictationViewModelDependencyInjectionTests.swift */,
				6C1F7B39C8C309178DABFA19 /* DictationViewModelInterruptionTests.swift */,
				CE3EE590DB31F8368623D8D3 /* DictationViewModelOnboardingTests.swift */,
				8BD59E0993369C484FE09BF8 /* DictationViewModelOverlayPhaseTests.swift */,
				5788AABF32BDF2FFC9220EE3 /* DictationViewModelPresentationTests.swift */,
				786083DC402CD76551034BD9 /* DictationViewModelPrimaryStateTests.swift */,
				836EFA7D5DCDCAEB03186377 /* DictationViewModelStateModelTests.swift */,
				4BCBB454C2B64C737FADA9F9 /* DictationViewModelWorkflowTests.swift */,
				BCA7131458FCEDDDC3528E89 /* FileTranscriptStoreTests.swift */,
				A06EDDB2519C8FB669D3DC78 /* GlobalHotkeyServiceTests.swift */,
				7AACB5FE2EC5F8870D0D078B /* ModelManagerTests.swift */,
				AD2C29933D45818F32D6613F /* PermissionStatusControllerTests.swift */,
				8641F35097FD59A26DFE450B /* RecordingDurationPolicyTests.swift */,
				20DFDB2D846C452C5E6A39BE /* RecordingMeterTests.swift */,
				4441F0083ADE7D9BE26DFDFC /* SmokeTests.swift */,
				05A458D2A2B6AC641B3C6038 /* TestDoubles.swift */,
				E7F82CF2620FC30FE7CE5A8E /* TranscriptionAttemptCoordinatorTests.swift */,
				DD380EEDB88AAFC5AAD77B73 /* TranscriptSessionControllerTests.swift */,
				C60E15CB93482FFE51FCB6A8 /* WindowActivationServiceTests.swift */,
			);
			path = ScribeTests;
			sourceTree = "<group>";
		};
		CE0A276A257FD1674B6227E6 /* Scribe */ = {
			isa = PBXGroup;
			children = (
				3711DECCD9B3CE4D5706D0B9 /* AppDelegate.swift */,
				C7F8EC336858331662965E7A /* AppError.swift */,
				0D9B56D3A82F894C60EF067C /* Assets.xcassets */,
				44B2F7FEBA1CBE0089ADBD0E /* AudioRecorderService.swift */,
				BC12DB7E78A47777348D3637 /* AutoPasteService.swift */,
				3D685A22D63623268BD4FC1D /* ClipboardService.swift */,
				E66F58B9DD78240A1F23C206 /* ContentView.swift */,
				ABEC576C257EBCC1A11F433C /* DictationViewModel.swift */,
				4C7A670618EFD1E449579B15 /* GlobalHotkeyService.swift */,
				231B557B052C6195E33F6795 /* MenuBarContentView.swift */,
				7E838D859C563E1B532B8EFC /* MicrophonePermissionManager.swift */,
				35CFB6E9CC787F17C0F71EDD /* ModelManager.swift */,
				6B62EB5CB3E664E26F622D9C /* OnboardingWelcomeView.swift */,
				7733B3BCCD6A8A2990E2CBE0 /* PermissionStatusController.swift */,
				CC60939B12CF88612FD94E7D /* RecordingDurationPolicy.swift */,
				DAF320CCF01FC0F6A5184B5A /* RecordingFeedbackView.swift */,
				E1A167AEF3D88CBDDE7D301F /* RecordingMeter.swift */,
				359F2F862E9292FC5D50CD33 /* RecordingOverlayController.swift */,
				BA0C1C6D65E795C43387A7AB /* RecordingOverlayView.swift */,
				5506129984A56293E90DE8DC /* Scribe.entitlements */,
				572ACD849DC28AE0C35FCA9B /* ScribeApp.swift */,
				76437F84ADD01D2E0B177D8E /* ScribeCardStyle.swift */,
				8F2236566BD286F974304DA0 /* ScribeDesignTokens.swift */,
				A17282ED7FF0A44FDEB25963 /* ScribeHeaderView.swift */,
				270EB5CBE621E352E36B2C0E /* StoragePaths.swift */,
				02590FFA3C931B9C132DCB6A /* TranscribingFeedbackView.swift */,
				B48889A2A3F008630DAFCA77 /* TranscriptEditorView.swift */,
				19813E0FCBF4521C87E345E8 /* TranscriptionAttemptCoordinator.swift */,
				3459846C3E245FF0263E574C /* TranscriptionService.swift */,
				72ED7A7E0F9A7BFAB3EF4FE2 /* TranscriptSessionController.swift */,
				E34DD255DAD4663E52DC2015 /* TranscriptStore.swift */,
				95CE08B4AF2A99CBA0EF7495 /* WindowActivationService.swift */,
			);
			path = Scribe;
			sourceTree = "<group>";
		};
		CF1A6569B97AB964E08BAAEC = {
			isa = PBXGroup;
			children = (
				CE0A276A257FD1674B6227E6 /* Scribe */,
				AF01848C2632E4D1F14094B3 /* ScribeTests */,
				637CC253C48F5DA69FAD3A59 /* Products */,
			);
			sourceTree = "<group>";
		};
/* End PBXGroup section */

/* Begin PBXNativeTarget section */
		33F14FC823B69894B58E6BB8 /* Scribe */ = {
			isa = PBXNativeTarget;
			buildConfigurationList = 7AEB079BA819AB8DAB7D284C /* Build configuration list for PBXNativeTarget "Scribe" */;
			buildPhases = (
				A3C55BD5E9BF3DB4B77D78FC /* Sources */,
				CB65F06A27CFA292E58C59C8 /* Resources */,
				32C8E4CDC3056D38CC51E678 /* Frameworks */,
			);
			buildRules = (
			);
			dependencies = (
			);
			name = Scribe;
			packageProductDependencies = (
				56166BA038B43345787116D6 /* WhisperKit */,
			);
			productName = Scribe;
			productReference = 11345C81116DC36BA7419B25 /* Scribe.app */;
			productType = "com.apple.product-type.application";
		};
		6240F4D993E26A2F5375238E /* ScribeTests */ = {
			isa = PBXNativeTarget;
			buildConfigurationList = E741CF0D2CF743E5831A4293 /* Build configuration list for PBXNativeTarget "ScribeTests" */;
			buildPhases = (
				153EEDEC87E548E526AAA77D /* Sources */,
			);
			buildRules = (
			);
			dependencies = (
				CA01F856DB8B7E97E499A0A0 /* PBXTargetDependency */,
			);
			name = ScribeTests;
			packageProductDependencies = (
			);
			productName = ScribeTests;
			productReference = A48F31FA2EDE28B4C986C479 /* ScribeTests.xctest */;
			productType = "com.apple.product-type.bundle.unit-test";
		};
/* End PBXNativeTarget section */

/* Begin PBXProject section */
		0911AD40AB20891FC5ABBE8B /* Project object */ = {
			isa = PBXProject;
			attributes = {
				BuildIndependentTargetsInParallel = YES;
				LastUpgradeCheck = 1430;
				TargetAttributes = {
					33F14FC823B69894B58E6BB8 = {
						DevelopmentTeam = 2LCM5MU5MF;
						ProvisioningStyle = Automatic;
					};
					6240F4D993E26A2F5375238E = {
						DevelopmentTeam = 2LCM5MU5MF;
						ProvisioningStyle = Automatic;
					};
				};
			};
			buildConfigurationList = 9E4712121E5F29BBE87574A2 /* Build configuration list for PBXProject "Scribe" */;
			developmentRegion = en;
			hasScannedForEncodings = 0;
			knownRegions = (
				Base,
				en,
			);
			mainGroup = CF1A6569B97AB964E08BAAEC;
			minimizedProjectReferenceProxies = 1;
			packageReferences = (
				0643850EB652EFA1DC191DA8 /* XCRemoteSwiftPackageReference "argmax-oss-swift" */,
			);
			preferredProjectObjectVersion = 77;
			productRefGroup = 637CC253C48F5DA69FAD3A59 /* Products */;
			projectDirPath = "";
			projectRoot = "";
			targets = (
				33F14FC823B69894B58E6BB8 /* Scribe */,
				6240F4D993E26A2F5375238E /* ScribeTests */,
			);
		};
/* End PBXProject section */

/* Begin PBXResourcesBuildPhase section */
		CB65F06A27CFA292E58C59C8 /* Resources */ = {
			isa = PBXResourcesBuildPhase;
			buildActionMask = 2147483647;
			files = (
				F6EB18EEAA041A038DFC5752 /* Assets.xcassets in Resources */,
			);
			runOnlyForDeploymentPostprocessing = 0;
		};
/* End PBXResourcesBuildPhase section */

/* Begin PBXSourcesBuildPhase section */
		153EEDEC87E548E526AAA77D /* Sources */ = {
			isa = PBXSourcesBuildPhase;
			buildActionMask = 2147483647;
			files = (
				76A2E342D27FFF91D410AEF6 /* AppErrorTests.swift in Sources */,
				FBB67A4FFE12CBB8129D1883 /* AutoPasteServiceTests.swift in Sources */,
				31C9AB0210D8E26D25107F53 /* DictationViewModelAutoPasteCaptureTests.swift in Sources */,
				B2FABC8FA97126FDF75B8112 /* DictationViewModelAutoPasteToggleTests.swift in Sources */,
				2A2E48DB80FB36A2F81F47C4 /* DictationViewModelAutoPasteTriggerTests.swift in Sources */,
				8F6E6AF3FA4B196B4191F3B6 /* DictationViewModelDependencyInjectionTests.swift in Sources */,
				137D25D7095B4CD3C30146FA /* DictationViewModelInterruptionTests.swift in Sources */,
				4716529AB4419B0229B08D4A /* DictationViewModelOnboardingTests.swift in Sources */,
				42432434BB15496759C93C80 /* DictationViewModelOverlayPhaseTests.swift in Sources */,
				465B71CD143797137C3CEFCC /* DictationViewModelPresentationTests.swift in Sources */,
				19F4DE06D924B33FFF3D937F /* DictationViewModelPrimaryStateTests.swift in Sources */,
				3AE8862F49190AF646BADC97 /* DictationViewModelStateModelTests.swift in Sources */,
				0E9ABE300F6081710C77F441 /* DictationViewModelWorkflowTests.swift in Sources */,
				7CA0533469911DF065A1FDAB /* FileTranscriptStoreTests.swift in Sources */,
				2F8BB8987DE7DF002FAE58DB /* GlobalHotkeyServiceTests.swift in Sources */,
				CFADA156CD2519991D234972 /* ModelManagerTests.swift in Sources */,
				0069334D8C5DC8CFAC31B67E /* PermissionStatusControllerTests.swift in Sources */,
				7534394C82A4540F0A474CBB /* RecordingDurationPolicyTests.swift in Sources */,
				3AA4DD75F153C9FF602D0520 /* RecordingMeterTests.swift in Sources */,
				44F084868209798DECC7F4C3 /* SmokeTests.swift in Sources */,
				F6BFEC5B587FFAA428787862 /* TestDoubles.swift in Sources */,
				70A9809221ABFBF1E3D1BE11 /* TranscriptSessionControllerTests.swift in Sources */,
				B31A2D7053E57AE49C7E596E /* TranscriptionAttemptCoordinatorTests.swift in Sources */,
				C6BCFB78BC699B5EC54DB75E /* WindowActivationServiceTests.swift in Sources */,
			);
			runOnlyForDeploymentPostprocessing = 0;
		};
		A3C55BD5E9BF3DB4B77D78FC /* Sources */ = {
			isa = PBXSourcesBuildPhase;
			buildActionMask = 2147483647;
			files = (
				58FA6F896CE30C27264BF0D7 /* AppDelegate.swift in Sources */,
				A1CE7CEA3BD99F6D1E1054DE /* AppError.swift in Sources */,
				56CD80C1D6AECC3A0B9E8E49 /* AudioRecorderService.swift in Sources */,
				E0B84DA1EEA80AD897F43DC6 /* AutoPasteService.swift in Sources */,
				21A0F9DF7771CDC6401EF1D1 /* ClipboardService.swift in Sources */,
				AEED381763459F5F54EC8408 /* ContentView.swift in Sources */,
				677C7340709011E46AE4C5C6 /* DictationViewModel.swift in Sources */,
				E793C933DE259EC52429937C /* GlobalHotkeyService.swift in Sources */,
				549CAB59832BBAE3D7514386 /* MenuBarContentView.swift in Sources */,
				3BE38A3E5F6252F278220281 /* MicrophonePermissionManager.swift in Sources */,
				47C1D21CCFE2FBD4908498BE /* ModelManager.swift in Sources */,
				BEDB99A9CF7173548DAF21B7 /* OnboardingWelcomeView.swift in Sources */,
				B627609C466B38EEB59CB39C /* PermissionStatusController.swift in Sources */,
				051D7BE6DC2EEBBC01AE0AB7 /* RecordingDurationPolicy.swift in Sources */,
				6E8BDDB5615BAC53C9529082 /* RecordingFeedbackView.swift in Sources */,
				BC13C4805DBE74765CD545DF /* RecordingMeter.swift in Sources */,
				564C50CF3324C5DDFCD12FAB /* RecordingOverlayController.swift in Sources */,
				6EBEC12431337B1D973CA3A8 /* RecordingOverlayView.swift in Sources */,
				C4457AFB46EBCC8F7A30D469 /* ScribeApp.swift in Sources */,
				A3FA3339B16DDF1CCBBFE157 /* ScribeCardStyle.swift in Sources */,
				6530D578D20B168E5D36BF8E /* ScribeDesignTokens.swift in Sources */,
				8BA6A420341F0849397FE16B /* ScribeHeaderView.swift in Sources */,
				31375C3B960866AEB5AB469A /* StoragePaths.swift in Sources */,
				E2CF9CE55DF6B26B6BE05E55 /* TranscribingFeedbackView.swift in Sources */,
				028DA7669A1E71CBB31996BE /* TranscriptEditorView.swift in Sources */,
				0D2E35316043119F4FFBB304 /* TranscriptSessionController.swift in Sources */,
				D789BA5437600DF9A0F38906 /* TranscriptStore.swift in Sources */,
				61B595A0D7BEBA8CECA38E2C /* TranscriptionAttemptCoordinator.swift in Sources */,
				8A0E0F093AB84FEDA298F850 /* TranscriptionService.swift in Sources */,
				EB484B9EC96A37AE47DFC25E /* WindowActivationService.swift in Sources */,
			);
			runOnlyForDeploymentPostprocessing = 0;
		};
/* End PBXSourcesBuildPhase section */

/* Begin PBXTargetDependency section */
		CA01F856DB8B7E97E499A0A0 /* PBXTargetDependency */ = {
			isa = PBXTargetDependency;
			target = 33F14FC823B69894B58E6BB8 /* Scribe */;
			targetProxy = 8C7CE2374CB85053DDBD1C4A /* PBXContainerItemProxy */;
		};
/* End PBXTargetDependency section */

/* Begin XCBuildConfiguration section */
		2888F02B7CCC4CE657242862 /* Release */ = {
			isa = XCBuildConfiguration;
			buildSettings = {
				BUNDLE_LOADER = "$(TEST_HOST)";
				CODE_SIGN_STYLE = Automatic;
				COMBINE_HIDPI_IMAGES = YES;
				DEVELOPMENT_TEAM = 2LCM5MU5MF;
				GENERATE_INFOPLIST_FILE = YES;
				LD_RUNPATH_SEARCH_PATHS = (
					"$(inherited)",
					"@executable_path/../Frameworks",
					"@loader_path/../Frameworks",
				);
				MACOSX_DEPLOYMENT_TARGET = 13.0;
				PRODUCT_BUNDLE_IDENTIFIER = com.localdictate.app.tests;
				SDKROOT = macosx;
				TEST_HOST = "$(BUILT_PRODUCTS_DIR)/Scribe.app/Contents/MacOS/Scribe";
			};
			name = Release;
		};
		555FA8EFA1338E7D76D63FF9 /* Debug */ = {
			isa = XCBuildConfiguration;
			buildSettings = {
				BUNDLE_LOADER = "$(TEST_HOST)";
				CODE_SIGN_STYLE = Automatic;
				COMBINE_HIDPI_IMAGES = YES;
				DEVELOPMENT_TEAM = 2LCM5MU5MF;
				GENERATE_INFOPLIST_FILE = YES;
				LD_RUNPATH_SEARCH_PATHS = (
					"$(inherited)",
					"@executable_path/../Frameworks",
					"@loader_path/../Frameworks",
				);
				MACOSX_DEPLOYMENT_TARGET = 13.0;
				PRODUCT_BUNDLE_IDENTIFIER = com.localdictate.app.tests;
				SDKROOT = macosx;
				TEST_HOST = "$(BUILT_PRODUCTS_DIR)/Scribe.app/Contents/MacOS/Scribe";
			};
			name = Debug;
		};
		744AF67DB3094D104DF4907F /* Debug */ = {
			isa = XCBuildConfiguration;
			buildSettings = {
				ASSETCATALOG_COMPILER_APPICON_NAME = AppIcon;
				CODE_SIGN_ENTITLEMENTS = Scribe/Scribe.entitlements;
				CODE_SIGN_STYLE = Automatic;
				COMBINE_HIDPI_IMAGES = YES;
				CURRENT_PROJECT_VERSION = 1;
				DEVELOPMENT_TEAM = 2LCM5MU5MF;
				ENABLE_HARDENED_RUNTIME = YES;
				GENERATE_INFOPLIST_FILE = YES;
				INFOPLIST_KEY_CFBundleDisplayName = Scribe;
				INFOPLIST_KEY_LSApplicationCategoryType = "public.app-category.utilities";
				INFOPLIST_KEY_NSHumanReadableCopyright = "";
				INFOPLIST_KEY_NSMicrophoneUsageDescription = "Scribe necesita acceso al micrófono para grabar tu voz y transcribirla localmente en esta Mac.";
				LD_RUNPATH_SEARCH_PATHS = (
					"$(inherited)",
					"@executable_path/../Frameworks",
				);
				MACOSX_DEPLOYMENT_TARGET = 13.0;
				MARKETING_VERSION = 0.1;
				PRODUCT_BUNDLE_IDENTIFIER = com.localdictate.app;
				PRODUCT_NAME = Scribe;
				SDKROOT = macosx;
				SWIFT_VERSION = 5.0;
			};
			name = Debug;
		};
		9F8A1B8A75D17DD51FD97E84 /* Debug */ = {
			isa = XCBuildConfiguration;
			buildSettings = {
				ALWAYS_SEARCH_USER_PATHS = NO;
				CLANG_ANALYZER_NONNULL = YES;
				CLANG_ANALYZER_NUMBER_OBJECT_CONVERSION = YES_AGGRESSIVE;
				CLANG_CXX_LANGUAGE_STANDARD = "gnu++14";
				CLANG_CXX_LIBRARY = "libc++";
				CLANG_ENABLE_MODULES = YES;
				CLANG_ENABLE_OBJC_ARC = YES;
				CLANG_ENABLE_OBJC_WEAK = YES;
				CLANG_WARN_BLOCK_CAPTURE_AUTORELEASING = YES;
				CLANG_WARN_BOOL_CONVERSION = YES;
				CLANG_WARN_COMMA = YES;
				CLANG_WARN_CONSTANT_CONVERSION = YES;
				CLANG_WARN_DEPRECATED_OBJC_IMPLEMENTATIONS = YES;
				CLANG_WARN_DIRECT_OBJC_ISA_USAGE = YES_ERROR;
				CLANG_WARN_DOCUMENTATION_COMMENTS = YES;
				CLANG_WARN_EMPTY_BODY = YES;
				CLANG_WARN_ENUM_CONVERSION = YES;
				CLANG_WARN_INFINITE_RECURSION = YES;
				CLANG_WARN_INT_CONVERSION = YES;
				CLANG_WARN_NON_LITERAL_NULL_CONVERSION = YES;
				CLANG_WARN_OBJC_IMPLICIT_RETAIN_SELF = YES;
				CLANG_WARN_OBJC_LITERAL_CONVERSION = YES;
				CLANG_WARN_OBJC_ROOT_CLASS = YES_ERROR;
				CLANG_WARN_QUOTED_INCLUDE_IN_FRAMEWORK_HEADER = YES;
				CLANG_WARN_RANGE_LOOP_ANALYSIS = YES;
				CLANG_WARN_STRICT_PROTOTYPES = YES;
				CLANG_WARN_SUSPICIOUS_MOVE = YES;
				CLANG_WARN_UNGUARDED_AVAILABILITY = YES_AGGRESSIVE;
				CLANG_WARN_UNREACHABLE_CODE = YES;
				CLANG_WARN__DUPLICATE_METHOD_MATCH = YES;
				COPY_PHASE_STRIP = NO;
				DEBUG_INFORMATION_FORMAT = dwarf;
				ENABLE_STRICT_OBJC_MSGSEND = YES;
				ENABLE_TESTABILITY = YES;
				GCC_C_LANGUAGE_STANDARD = gnu11;
				GCC_DYNAMIC_NO_PIC = NO;
				GCC_NO_COMMON_BLOCKS = YES;
				GCC_OPTIMIZATION_LEVEL = 0;
				GCC_PREPROCESSOR_DEFINITIONS = (
					"$(inherited)",
					"DEBUG=1",
				);
				GCC_WARN_64_TO_32_BIT_CONVERSION = YES;
				GCC_WARN_ABOUT_RETURN_TYPE = YES_ERROR;
				GCC_WARN_UNDECLARED_SELECTOR = YES;
				GCC_WARN_UNINITIALIZED_AUTOS = YES_AGGRESSIVE;
				GCC_WARN_UNUSED_FUNCTION = YES;
				GCC_WARN_UNUSED_VARIABLE = YES;
				MACOSX_DEPLOYMENT_TARGET = 13.0;
				MTL_ENABLE_DEBUG_INFO = INCLUDE_SOURCE;
				MTL_FAST_MATH = YES;
				ONLY_ACTIVE_ARCH = YES;
				PRODUCT_NAME = "$(TARGET_NAME)";
				SDKROOT = macosx;
				SWIFT_ACTIVE_COMPILATION_CONDITIONS = DEBUG;
				SWIFT_OPTIMIZATION_LEVEL = "-Onone";
				SWIFT_VERSION = 5.0;
			};
			name = Debug;
		};
		A7734ADE561C375D5F93F7CF /* Release */ = {
			isa = XCBuildConfiguration;
			buildSettings = {
				ALWAYS_SEARCH_USER_PATHS = NO;
				CLANG_ANALYZER_NONNULL = YES;
				CLANG_ANALYZER_NUMBER_OBJECT_CONVERSION = YES_AGGRESSIVE;
				CLANG_CXX_LANGUAGE_STANDARD = "gnu++14";
				CLANG_CXX_LIBRARY = "libc++";
				CLANG_ENABLE_MODULES = YES;
				CLANG_ENABLE_OBJC_ARC = YES;
				CLANG_ENABLE_OBJC_WEAK = YES;
				CLANG_WARN_BLOCK_CAPTURE_AUTORELEASING = YES;
				CLANG_WARN_BOOL_CONVERSION = YES;
				CLANG_WARN_COMMA = YES;
				CLANG_WARN_CONSTANT_CONVERSION = YES;
				CLANG_WARN_DEPRECATED_OBJC_IMPLEMENTATIONS = YES;
				CLANG_WARN_DIRECT_OBJC_ISA_USAGE = YES_ERROR;
				CLANG_WARN_DOCUMENTATION_COMMENTS = YES;
				CLANG_WARN_EMPTY_BODY = YES;
				CLANG_WARN_ENUM_CONVERSION = YES;
				CLANG_WARN_INFINITE_RECURSION = YES;
				CLANG_WARN_INT_CONVERSION = YES;
				CLANG_WARN_NON_LITERAL_NULL_CONVERSION = YES;
				CLANG_WARN_OBJC_IMPLICIT_RETAIN_SELF = YES;
				CLANG_WARN_OBJC_LITERAL_CONVERSION = YES;
				CLANG_WARN_OBJC_ROOT_CLASS = YES_ERROR;
				CLANG_WARN_QUOTED_INCLUDE_IN_FRAMEWORK_HEADER = YES;
				CLANG_WARN_RANGE_LOOP_ANALYSIS = YES;
				CLANG_WARN_STRICT_PROTOTYPES = YES;
				CLANG_WARN_SUSPICIOUS_MOVE = YES;
				CLANG_WARN_UNGUARDED_AVAILABILITY = YES_AGGRESSIVE;
				CLANG_WARN_UNREACHABLE_CODE = YES;
				CLANG_WARN__DUPLICATE_METHOD_MATCH = YES;
				COPY_PHASE_STRIP = NO;
				DEBUG_INFORMATION_FORMAT = "dwarf-with-dsym";
				ENABLE_NS_ASSERTIONS = NO;
				ENABLE_STRICT_OBJC_MSGSEND = YES;
				GCC_C_LANGUAGE_STANDARD = gnu11;
				GCC_NO_COMMON_BLOCKS = YES;
				GCC_WARN_64_TO_32_BIT_CONVERSION = YES;
				GCC_WARN_ABOUT_RETURN_TYPE = YES_ERROR;
				GCC_WARN_UNDECLARED_SELECTOR = YES;
				GCC_WARN_UNINITIALIZED_AUTOS = YES_AGGRESSIVE;
				GCC_WARN_UNUSED_FUNCTION = YES;
				GCC_WARN_UNUSED_VARIABLE = YES;
				MACOSX_DEPLOYMENT_TARGET = 13.0;
				MTL_ENABLE_DEBUG_INFO = NO;
				MTL_FAST_MATH = YES;
				PRODUCT_NAME = "$(TARGET_NAME)";
				SDKROOT = macosx;
				SWIFT_COMPILATION_MODE = wholemodule;
				SWIFT_OPTIMIZATION_LEVEL = "-O";
				SWIFT_VERSION = 5.0;
			};
			name = Release;
		};
		DCABE6504E02D2E1270AA4AE /* Release */ = {
			isa = XCBuildConfiguration;
			buildSettings = {
				ASSETCATALOG_COMPILER_APPICON_NAME = AppIcon;
				CODE_SIGN_ENTITLEMENTS = Scribe/Scribe.entitlements;
				CODE_SIGN_STYLE = Automatic;
				COMBINE_HIDPI_IMAGES = YES;
				CURRENT_PROJECT_VERSION = 1;
				DEVELOPMENT_TEAM = 2LCM5MU5MF;
				ENABLE_HARDENED_RUNTIME = YES;
				GENERATE_INFOPLIST_FILE = YES;
				INFOPLIST_KEY_CFBundleDisplayName = Scribe;
				INFOPLIST_KEY_LSApplicationCategoryType = "public.app-category.utilities";
				INFOPLIST_KEY_NSHumanReadableCopyright = "";
				INFOPLIST_KEY_NSMicrophoneUsageDescription = "Scribe necesita acceso al micrófono para grabar tu voz y transcribirla localmente en esta Mac.";
				LD_RUNPATH_SEARCH_PATHS = (
					"$(inherited)",
					"@executable_path/../Frameworks",
				);
				MACOSX_DEPLOYMENT_TARGET = 13.0;
				MARKETING_VERSION = 0.1;
				PRODUCT_BUNDLE_IDENTIFIER = com.localdictate.app;
				PRODUCT_NAME = Scribe;
				SDKROOT = macosx;
				SWIFT_VERSION = 5.0;
			};
			name = Release;
		};
/* End XCBuildConfiguration section */

/* Begin XCConfigurationList section */
		7AEB079BA819AB8DAB7D284C /* Build configuration list for PBXNativeTarget "Scribe" */ = {
			isa = XCConfigurationList;
			buildConfigurations = (
				744AF67DB3094D104DF4907F /* Debug */,
				DCABE6504E02D2E1270AA4AE /* Release */,
			);
			defaultConfigurationIsVisible = 0;
			defaultConfigurationName = Debug;
		};
		9E4712121E5F29BBE87574A2 /* Build configuration list for PBXProject "Scribe" */ = {
			isa = XCConfigurationList;
			buildConfigurations = (
				9F8A1B8A75D17DD51FD97E84 /* Debug */,
				A7734ADE561C375D5F93F7CF /* Release */,
			);
			defaultConfigurationIsVisible = 0;
			defaultConfigurationName = Debug;
		};
		E741CF0D2CF743E5831A4293 /* Build configuration list for PBXNativeTarget "ScribeTests" */ = {
			isa = XCConfigurationList;
			buildConfigurations = (
				555FA8EFA1338E7D76D63FF9 /* Debug */,
				2888F02B7CCC4CE657242862 /* Release */,
			);
			defaultConfigurationIsVisible = 0;
			defaultConfigurationName = Debug;
		};
/* End XCConfigurationList section */

/* Begin XCRemoteSwiftPackageReference section */
		0643850EB652EFA1DC191DA8 /* XCRemoteSwiftPackageReference "argmax-oss-swift" */ = {
			isa = XCRemoteSwiftPackageReference;
			repositoryURL = "https://github.com/argmaxinc/argmax-oss-swift.git";
			requirement = {
				kind = upToNextMajorVersion;
				minimumVersion = 0.9.0;
			};
		};
/* End XCRemoteSwiftPackageReference section */

/* Begin XCSwiftPackageProductDependency section */
		56166BA038B43345787116D6 /* WhisperKit */ = {
			isa = XCSwiftPackageProductDependency;
			package = 0643850EB652EFA1DC191DA8 /* XCRemoteSwiftPackageReference "argmax-oss-swift" */;
			productName = WhisperKit;
		};
/* End XCSwiftPackageProductDependency section */
	};
	rootObject = 0911AD40AB20891FC5ABBE8B /* Project object */;
}
